// !$*UTF8*$!
{
	archiveVersion = 1;
	classes = {
	};
	objectVersion = 46;
	objects = {

/* Begin PBXBuildFile section */
		A60F13F71A6497F9005E2E39 /* AppDelegate.swift in Sources */ = {isa = PBXBuildFile; fileRef = A60F13F61A6497F9005E2E39 /* AppDelegate.swift */; };
		A60F13F91A6497F9005E2E39 /* ViewController.swift in Sources */ = {isa = PBXBuildFile; fileRef = A60F13F81A6497F9005E2E39 /* ViewController.swift */; };
		A60F13FC1A6497F9005E2E39 /* Main.storyboard in Resources */ = {isa = PBXBuildFile; fileRef = A60F13FA1A6497F9005E2E39 /* Main.storyboard */; };
		A60F13FE1A6497F9005E2E39 /* Images.xcassets in Resources */ = {isa = PBXBuildFile; fileRef = A60F13FD1A6497F9005E2E39 /* Images.xcassets */; };
		A60F14011A6497F9005E2E39 /* LaunchScreen.xib in Resources */ = {isa = PBXBuildFile; fileRef = A60F13FF1A6497F9005E2E39 /* LaunchScreen.xib */; };
		A60F140D1A6497F9005E2E39 /* Animal_AppTests.swift in Sources */ = {isa = PBXBuildFile; fileRef = A60F140C1A6497F9005E2E39 /* Animal_AppTests.swift */; };
/* End PBXBuildFile section */

/* Begin PBXContainerItemProxy section */
		A60F14071A6497F9005E2E39 /* PBXContainerItemProxy */ = {
			isa = PBXContainerItemProxy;
			containerPortal = A60F13E91A6497F9005E2E39 /* Project object */;
			proxyType = 1;
			remoteGlobalIDString = A60F13F01A6497F9005E2E39;
			remoteInfo = "Animal App";
		};
/* End PBXContainerItemProxy section */

/* Begin PBXFileReference section */
		A60F13F11A6497F9005E2E39 /* Animal App.app */ = {isa = PBXFileReference; explicitFileType = wrapper.application; includeInIndex = 0; path = "Animal App.app"; sourceTree = BUILT_PRODUCTS_DIR; };
		A60F13F51A6497F9005E2E39 /* Info.plist */ = {isa = PBXFileReference; lastKnownFileType = text.plist.xml; path = Info.plist; sourceTree = "<group>"; };
		A60F13F61A6497F9005E2E39 /* AppDelegate.swift */ = {isa = PBXFileReference; lastKnownFileType = sourcecode.swift; path = AppDelegate.swift; sourceTree = "<group>"; };
		A60F13F81A6497F9005E2E39 /* ViewController.swift */ = {isa = PBXFileReference; lastKnownFileType = sourcecode.swift; path = ViewController.swift; sourceTree = "<group>"; };
		A60F13FB1A6497F9005E2E39 /* Base */ = {isa = PBXFileReference; lastKnownFileType = file.storyboard; name = Base; path = Base.lproj/Main.storyboard; sourceTree = "<group>"; };
		A60F13FD1A6497F9005E2E39 /* Images.xcassets */ = {isa = PBXFileReference; lastKnownFileType = folder.assetcatalog; path = Images.xcassets; sourceTree = "<group>"; };
		A60F14001A6497F9005E2E39 /* Base */ = {isa = PBXFileReference; lastKnownFileType = file.xib; name = Base; path = Base.lproj/LaunchScreen.xib; sourceTree = "<group>"; };
		A60F14061A6497F9005E2E39 /* Animal AppTests.xctest */ = {isa = PBXFileReference; explicitFileType = wrapper.cfbundle; includeInIndex = 0; path = "Animal AppTests.xctest"; sourceTree = BUILT_PRODUCTS_DIR; };
		A60F140B1A6497F9005E2E39 /* Info.plist */ = {isa = PBXFileReference; lastKnownFileType = text.plist.xml; path = Info.plist; sourceTree = "<group>"; };
		A60F140C1A6497F9005E2E39 /* Animal_AppTests.swift */ = {isa = PBXFileReference; lastKnownFileType = sourcecode.swift; path = Animal_AppTests.swift; sourceTree = "<group>"; };
/* End PBXFileReference section */

/* Begin PBXFrameworksBuildPhase section */
		A60F13EE1A6497F9005E2E39 /* Frameworks */ = {
			isa = PBXFrameworksBuildPhase;
			buildActionMask = 2147483647;
			files = (
			);
			runOnlyForDeploymentPostprocessing = 0;
		};
		A60F14031A6497F9005E2E39 /* Frameworks */ = {
			isa = PBXFrameworksBuildPhase;
			buildActionMask = 2147483647;
			files = (
			);
			runOnlyForDeploymentPostprocessing = 0;
		};
/* End PBXFrameworksBuildPhase section */

/* Begin PBXGroup section */
		A60F13E81A6497F9005E2E39 = {
			isa = PBXGroup;
			children = (
				A60F13F31A6497F9005E2E39 /* Animal App */,
				A60F14091A6497F9005E2E39 /* Animal AppTests */,
				A60F13F21A6497F9005E2E39 /* Products */,
			);
			sourceTree = "<group>";
		};
		A60F13F21A6497F9005E2E39 /* Products */ = {
			isa = PBXGroup;
			children = (
				A60F13F11A6497F9005E2E39 /* Animal App.app */,
				A60F14061A6497F9005E2E39 /* Animal AppTests.xctest */,
			);
			name = Products;
			sourceTree = "<group>";
		};
		A60F13F31A6497F9005E2E39 /* Animal App */ = {
			isa = PBXGroup;
			children = (
				A60F13F61A6497F9005E2E39 /* AppDelegate.swift */,
				A60F13F81A6497F9005E2E39 /* ViewController.swift */,
				A60F13FA1A6497F9005E2E39 /* Main.storyboard */,
				A60F13FD1A6497F9005E2E39 /* Images.xcassets */,
				A60F13FF1A6497F9005E2E39 /* LaunchScreen.xib */,
				A60F13F41A6497F9005E2E39 /* Supporting Files */,
			);
			path = "Animal App";
			sourceTree = "<group>";
		};
		A60F13F41A6497F9005E2E39 /* Supporting Files */ = {
			isa = PBXGroup;
			children = (
				A60F13F51A6497F9005E2E39 /* Info.plist */,
			);
			name = "Supporting Files";
			sourceTree = "<group>";
		};
		A60F14091A6497F9005E2E39 /* Animal AppTests */ = {
			isa = PBXGroup;
			children = (
				A60F140C1A6497F9005E2E39 /* Animal_AppTests.swift */,
				A60F140A1A6497F9005E2E39 /* Supporting Files */,
			);
			path = "Animal AppTests";
			sourceTree = "<group>";
		};
		A60F140A1A6497F9005E2E39 /* Supporting Files */ = {
			isa = PBXGroup;
			children = (
				A60F140B1A6497F9005E2E39 /* Info.plist */,
			);
			name = "Supporting Files";
			sourceTree = "<group>";
		};
/* End PBXGroup section */

/* Begin PBXNativeTarget section */
		A60F13F01A6497F9005E2E39 /* Animal App */ = {
			isa = PBXNativeTarget;
			buildConfigurationList = A60F14101A6497F9005E2E39 /* Build configuration list for PBXNativeTarget "Animal App" */;
			buildPhases = (
				A60F13ED1A6497F9005E2E39 /* Sources */,
				A60F13EE1A6497F9005E2E39 /* Frameworks */,
				A60F13EF1A6497F9005E2E39 /* Resources */,
			);
			buildRules = (
			);
			dependencies = (
			);
			name = "Animal App";
			productName = "Animal App";
			productReference = A60F13F11A6497F9005E2E39 /* Animal App.app */;
			productType = "com.apple.product-type.application";
		};
		A60F14051A6497F9005E2E39 /* Animal AppTests */ = {
			isa = PBXNativeTarget;
			buildConfigurationList = A60F14131A6497F9005E2E39 /* Build configuration list for PBXNativeTarget "Animal AppTests" */;
			buildPhases = (
				A60F14021A6497F9005E2E39 /* Sources */,
				A60F14031A6497F9005E2E39 /* Frameworks */,
				A60F14041A6497F9005E2E39 /* Resources */,
			);
			buildRules = (
			);
			dependencies = (
				A60F14081A6497F9005E2E39 /* PBXTargetDependency */,
			);
			name = "Animal AppTests";
			productName = "Animal AppTests";
			productReference = A60F14061A6497F9005E2E39 /* Animal AppTests.xctest */;
			productType = "com.apple.product-type.bundle.unit-test";
		};
/* End PBXNativeTarget section */

/* Begin PBXProject section */
		A60F13E91A6497F9005E2E39 /* Project object */ = {
			isa = PBXProject;
			attributes = {
				LastUpgradeCheck = 0610;
				ORGANIZATIONNAME = "Jeffrey Lee";
				TargetAttributes = {
					A60F13F01A6497F9005E2E39 = {
						CreatedOnToolsVersion = 6.1.1;
					};
					A60F14051A6497F9005E2E39 = {
						CreatedOnToolsVersion = 6.1.1;
						TestTargetID = A60F13F01A6497F9005E2E39;
					};
				};
			};
			buildConfigurationList = A60F13EC1A6497F9005E2E39 /* Build configuration list for PBXProject "Animal App" */;
			compatibilityVersion = "Xcode 3.2";
			developmentRegion = English;
			hasScannedForEncodings = 0;
			knownRegions = (
				en,
				Base,
			);
			mainGroup = A60F13E81A6497F9005E2E39;
			productRefGroup = A60F13F21A6497F9005E2E39 /* Products */;
			projectDirPath = "";
			projectRoot = "";
			targets = (
				A60F13F01A6497F9005E2E39 /* Animal App */,
				A60F14051A6497F9005E2E39 /* Animal AppTests */,
			);
		};
/* End PBXProject section */

/* Begin PBXResourcesBuildPhase section */
		A60F13EF1A6497F9005E2E39 /* Resources */ = {
			isa = PBXResourcesBuildPhase;
			buildActionMask = 2147483647;
			files = (
				A60F13FC1A6497F9005E2E39 /* Main.storyboard in Resources */,
				A60F14011A6497F9005E2E39 /* LaunchScreen.xib in Resources */,
				A60F13FE1A6497F9005E2E39 /* Images.xcassets in Resources */,
			);
			runOnlyForDeploymentPostprocessing = 0;
		};
		A60F14041A6497F9005E2E39 /* Resources */ = {
			isa = PBXResourcesBuildPhase;
			buildActionMask = 2147483647;
			files = (
			);
			runOnlyForDeploymentPostprocessing = 0;
		};
/* End PBXResourcesBuildPhase section */

/* Begin PBXSourcesBuildPhase section */
		A60F13ED1A6497F9005E2E39 /* Sources */ = {
			isa = PBXSourcesBuildPhase;
			buildActionMask = 2147483647;
			files = (
				A60F13F91A6497F9005E2E39 /* ViewController.swift in Sources */,
				A60F13F71A6497F9005E2E39 /* AppDelegate.swift in Sources */,
			);
			runOnlyForDeploymentPostprocessing = 0;
		};
		A60F14021A6497F9005E2E39 /* Sources */ = {
			isa = PBXSourcesBuildPhase;
			buildActionMask = 2147483647;
			files = (
				A60F140D1A6497F9005E2E39 /* Animal_AppTests.swift in Sources */,
			);
			runOnlyForDeploymentPostprocessing = 0;
		};
/* End PBXSourcesBuildPhase section */

/* Begin PBXTargetDependency section */
		A60F14081A6497F9005E2E39 /* PBXTargetDependency */ = {
			isa = PBXTargetDependency;
			target = A60F13F01A6497F9005E2E39 /* Animal App */;
			targetProxy = A60F14071A6497F9005E2E39 /* PBXContainerItemProxy */;
		};
/* End PBXTargetDependency section */

/* Begin PBXVariantGroup section */
		A60F13FA1A6497F9005E2E39 /* Main.storyboard */ = {
			isa = PBXVariantGroup;
			children = (
				A60F13FB1A6497F9005E2E39 /* Base */,
			);
			name = Main.storyboard;
			sourceTree = "<group>";
		};
		A60F13FF1A6497F9005E2E39 /* LaunchScreen.xib */ = {
			isa = PBXVariantGroup;
			children = (
				A60F14001A6497F9005E2E39 /* Base */,
			);
			name = LaunchScreen.xib;
			sourceTree = "<group>";
		};
/* End PBXVariantGroup section */

/* Begin XCBuildConfiguration section */
		A60F140E1A6497F9005E2E39 /* Debug */ = {
			isa = XCBuildConfiguration;
			buildSettings = {
				ALWAYS_SEARCH_USER_PATHS = NO;
				CLANG_CXX_LANGUAGE_STANDARD = "gnu++0x";
				CLANG_CXX_LIBRARY = "libc++";
				CLANG_ENABLE_MODULES = YES;
				CLANG_ENABLE_OBJC_ARC = YES;
				CLANG_WARN_BOOL_CONVERSION = YES;
				CLANG_WARN_CONSTANT_CONVERSION = YES;
				CLANG_WARN_DIRECT_OBJC_ISA_USAGE = YES_ERROR;
				CLANG_WARN_EMPTY_BODY = YES;
				CLANG_WARN_ENUM_CONVERSION = YES;
				CLANG_WARN_INT_CONVERSION = YES;
				CLANG_WARN_OBJC_ROOT_CLASS = YES_ERROR;
				CLANG_WARN_UNREACHABLE_CODE = YES;
				CLANG_WARN__DUPLICATE_METHOD_MATCH = YES;
				"CODE_SIGN_IDENTITY[sdk=iphoneos*]" = "iPhone Developer";
				COPY_PHASE_STRIP = NO;
				ENABLE_STRICT_OBJC_MSGSEND = YES;
				GCC_C_LANGUAGE_STANDARD = gnu99;
				GCC_DYNAMIC_NO_PIC = NO;
				GCC_OPTIMIZATION_LEVEL = 0;
				GCC_PREPROCESSOR_DEFINITIONS = (
					"DEBUG=1",
					"$(inherited)",
				);
				GCC_SYMBOLS_PRIVATE_EXTERN = NO;
				GCC_WARN_64_TO_32_BIT_CONVERSION = YES;
				GCC_WARN_ABOUT_RETURN_TYPE = YES_ERROR;
				GCC_WARN_UNDECLARED_SELECTOR = YES;
				GCC_WARN_UNINITIALIZED_AUTOS = YES_AGGRESSIVE;
				GCC_WARN_UNUSED_FUNCTION = YES;
				GCC_WARN_UNUSED_VARIABLE = YES;
				IPHONEOS_DEPLOYMENT_TARGET = 8.1;
				MTL_ENABLE_DEBUG_INFO = YES;
				ONLY_ACTIVE_ARCH = YES;
				SDKROOT = iphoneos;
				SWIFT_OPTIMIZATION_LEVEL = "-Onone";
			};
			name = Debug;
		};
		A60F140F1A6497F9005E2E39 /* Release */ = {
			isa = XCBuildConfiguration;
			buildSettings = {
				ALWAYS_SEARCH_USER_PATHS = NO;
				CLANG_CXX_LANGUAGE_STANDARD = "gnu++0x";
				CLANG_CXX_LIBRARY = "libc++";
				CLANG_ENABLE_MODULES = YES;
				CLANG_ENABLE_OBJC_ARC = YES;
				CLANG_WARN_BOOL_CONVERSION = YES;
				CLANG_WARN_CONSTANT_CONVERSION = YES;
				CLANG_WARN_DIRECT_OBJC_ISA_USAGE = YES_ERROR;
				CLANG_WARN_EMPTY_BODY = YES;
				CLANG_WARN_ENUM_CONVERSION = YES;
				CLANG_WARN_INT_CONVERSION = YES;
				CLANG_WARN_OBJC_ROOT_CLASS = YES_ERROR;
				CLANG_WARN_UNREACHABLE_CODE = YES;
				CLANG_WARN__DUPLICATE_METHOD_MATCH = YES;
				"CODE_SIGN_IDENTITY[sdk=iphoneos*]" = "iPhone Developer";
				COPY_PHASE_STRIP = YES;
				ENABLE_NS_ASSERTIONS = NO;
				ENABLE_STRICT_OBJC_MSGSEND = YES;
				GCC_C_LANGUAGE_STANDARD = gnu99;
				GCC_WARN_64_TO_32_BIT_CONVERSION = YES;
				GCC_WARN_ABOUT_RETURN_TYPE = YES_ERROR;
				GCC_WARN_UNDECLARED_SELECTOR = YES;
				GCC_WARN_UNINITIALIZED_AUTOS = YES_AGGRESSIVE;
				GCC_WARN_UNUSED_FUNCTION = YES;
				GCC_WARN_UNUSED_VARIABLE = YES;
				IPHONEOS_DEPLOYMENT_TARGET = 8.1;
				MTL_ENABLE_DEBUG_INFO = NO;
				SDKROOT = iphoneos;
				VALIDATE_PRODUCT = YES;
			};
			name = Release;
		};
		A60F14111A6497F9005E2E39 /* Debug */ = {
			isa = XCBuildConfiguration;
			buildSettings = {
				ASSETCATALOG_COMPILER_APPICON_NAME = AppIcon;
				INFOPLIST_FILE = "Animal App/Info.plist";
				LD_RUNPATH_SEARCH_PATHS = "$(inherited) @executable_path/Frameworks";
				PRODUCT_NAME = "$(TARGET_NAME)";
			};
			name = Debug;
		};
		A60F14121A6497F9005E2E39 /* Release */ = {
			isa = XCBuildConfiguration;
			buildSettings = {
				ASSETCATALOG_COMPILER_APPICON_NAME = AppIcon;
				INFOPLIST_FILE = "Animal App/Info.plist";
				LD_RUNPATH_SEARCH_PATHS = "$(inherited) @executable_path/Frameworks";
				PRODUCT_NAME = "$(TARGET_NAME)";
			};
			name = Release;
		};
		A60F14141A6497F9005E2E39 /* Debug */ = {
			isa = XCBuildConfiguration;
			buildSettings = {
				BUNDLE_LOADER = "$(TEST_HOST)";
				FRAMEWORK_SEARCH_PATHS = (
					"$(SDKROOT)/Developer/Library/Frameworks",
					"$(inherited)",
				);
				GCC_PREPROCESSOR_DEFINITIONS = (
					"DEBUG=1",
					"$(inherited)",
				);
				INFOPLIST_FILE = "Animal AppTests/Info.plist";
				LD_RUNPATH_SEARCH_PATHS = "$(inherited) @executable_path/Frameworks @loader_path/Frameworks";
				PRODUCT_NAME = "$(TARGET_NAME)";
				TEST_HOST = "$(BUILT_PRODUCTS_DIR)/Animal App.app/Animal App";
			};
			name = Debug;
		};
		A60F14151A6497F9005E2E39 /* Release */ = {
			isa = XCBuildConfiguration;
			buildSettings = {
				BUNDLE_LOADER = "$(TEST_HOST)";
				FRAMEWORK_SEARCH_PATHS = (
					"$(SDKROOT)/Developer/Library/Frameworks",
					"$(inherited)",
				);
				INFOPLIST_FILE = "Animal AppTests/Info.plist";
				LD_RUNPATH_SEARCH_PATHS = "$(inherited) @executable_path/Frameworks @loader_path/Frameworks";
				PRODUCT_NAME = "$(TARGET_NAME)";
				TEST_HOST = "$(BUILT_PRODUCTS_DIR)/Animal App.app/Animal App";
			};
			name = Release;
		};
/* End XCBuildConfiguration section */

/* Begin XCConfigurationList section */
		A60F13EC1A6497F9005E2E39 /* Build configuration list for PBXProject "Animal App" */ = {
			isa = XCConfigurationList;
			buildConfigurations = (
				A60F140E1A6497F9005E2E39 /* Debug */,
				A60F140F1A6497F9005E2E39 /* Release */,
			);
			defaultConfigurationIsVisible = 0;
			defaultConfigurationName = Release;
		};
		A60F14101A6497F9005E2E39 /* Build configuration list for PBXNativeTarget "Animal App" */ = {
			isa = XCConfigurationList;
			buildConfigurations = (
				A60F14111A6497F9005E2E39 /* Debug */,
				A60F14121A6497F9005E2E39 /* Release */,
			);
			defaultConfigurationIsVisible = 0;
		};
		A60F14131A6497F9005E2E39 /* Build configuration list for PBXNativeTarget "Animal AppTests" */ = {
			isa = XCConfigurationList;
			buildConfigurations = (
				A60F14141A6497F9005E2E39 /* Debug */,
				A60F14151A6497F9005E2E39 /* Release */,
			);
			defaultConfigurationIsVisible = 0;
		};
/* End XCConfigurationList section */
	};
	rootObject = A60F13E91A6497F9005E2E39 /* Project object */;
}
