// !$*UTF8*$!
{
	archiveVersion = 1;
	classes = {
	};
	objectVersion = 46;
	objects = {

/* Begin PBXBuildFile section */
		A6A523811A82F95500AA1511 /* AppDelegate.swift in Sources */ = {isa = PBXBuildFile; fileRef = A6A523801A82F95500AA1511 /* AppDelegate.swift */; };
		A6A523831A82F95500AA1511 /* ViewController.swift in Sources */ = {isa = PBXBuildFile; fileRef = A6A523821A82F95500AA1511 /* ViewController.swift */; };
		A6A523861A82F95500AA1511 /* Main.storyboard in Resources */ = {isa = PBXBuildFile; fileRef = A6A523841A82F95500AA1511 /* Main.storyboard */; };
		A6A523881A82F95500AA1511 /* Images.xcassets in Resources */ = {isa = PBXBuildFile; fileRef = A6A523871A82F95500AA1511 /* Images.xcassets */; };
		A6A5238B1A82F95500AA1511 /* LaunchScreen.xib in Resources */ = {isa = PBXBuildFile; fileRef = A6A523891A82F95500AA1511 /* LaunchScreen.xib */; };
		A6A523971A82F95500AA1511 /* autoLayoutSmileTests.swift in Sources */ = {isa = PBXBuildFile; fileRef = A6A523961A82F95500AA1511 /* autoLayoutSmileTests.swift */; };
/* End PBXBuildFile section */

/* Begin PBXContainerItemProxy section */
		A6A523911A82F95500AA1511 /* PBXContainerItemProxy */ = {
			isa = PBXContainerItemProxy;
			containerPortal = A6A523731A82F95500AA1511 /* Project object */;
			proxyType = 1;
			remoteGlobalIDString = A6A5237A1A82F95500AA1511;
			remoteInfo = autoLayoutSmile;
		};
/* End PBXContainerItemProxy section */

/* Begin PBXFileReference section */
		A6A5237B1A82F95500AA1511 /* autoLayoutSmile.app */ = {isa = PBXFileReference; explicitFileType = wrapper.application; includeInIndex = 0; path = autoLayoutSmile.app; sourceTree = BUILT_PRODUCTS_DIR; };
		A6A5237F1A82F95500AA1511 /* Info.plist */ = {isa = PBXFileReference; lastKnownFileType = text.plist.xml; path = Info.plist; sourceTree = "<group>"; };
		A6A523801A82F95500AA1511 /* AppDelegate.swift */ = {isa = PBXFileReference; lastKnownFileType = sourcecode.swift; path = AppDelegate.swift; sourceTree = "<group>"; };
		A6A523821A82F95500AA1511 /* ViewController.swift */ = {isa = PBXFileReference; lastKnownFileType = sourcecode.swift; path = ViewController.swift; sourceTree = "<group>"; };
		A6A523851A82F95500AA1511 /* Base */ = {isa = PBXFileReference; lastKnownFileType = file.storyboard; name = Base; path = Base.lproj/Main.storyboard; sourceTree = "<group>"; };
		A6A523871A82F95500AA1511 /* Images.xcassets */ = {isa = PBXFileReference; lastKnownFileType = folder.assetcatalog; path = Images.xcassets; sourceTree = "<group>"; };
		A6A5238A1A82F95500AA1511 /* Base */ = {isa = PBXFileReference; lastKnownFileType = file.xib; name = Base; path = Base.lproj/LaunchScreen.xib; sourceTree = "<group>"; };
		A6A523901A82F95500AA1511 /* autoLayoutSmileTests.xctest */ = {isa = PBXFileReference; explicitFileType = wrapper.cfbundle; includeInIndex = 0; path = autoLayoutSmileTests.xctest; sourceTree = BUILT_PRODUCTS_DIR; };
		A6A523951A82F95500AA1511 /* Info.plist */ = {isa = PBXFileReference; lastKnownFileType = text.plist.xml; path = Info.plist; sourceTree = "<group>"; };
		A6A523961A82F95500AA1511 /* autoLayoutSmileTests.swift */ = {isa = PBXFileReference; lastKnownFileType = sourcecode.swift; path = autoLayoutSmileTests.swift; sourceTree = "<group>"; };
/* End PBXFileReference section */

/* Begin PBXFrameworksBuildPhase section */
		A6A523781A82F95500AA1511 /* Frameworks */ = {
			isa = PBXFrameworksBuildPhase;
			buildActionMask = 2147483647;
			files = (
			);
			runOnlyForDeploymentPostprocessing = 0;
		};
		A6A5238D1A82F95500AA1511 /* Frameworks */ = {
			isa = PBXFrameworksBuildPhase;
			buildActionMask = 2147483647;
			files = (
			);
			runOnlyForDeploymentPostprocessing = 0;
		};
/* End PBXFrameworksBuildPhase section */

/* Begin PBXGroup section */
		A6A523721A82F95500AA1511 = {
			isa = PBXGroup;
			children = (
				A6A5237D1A82F95500AA1511 /* autoLayoutSmile */,
				A6A523931A82F95500AA1511 /* autoLayoutSmileTests */,
				A6A5237C1A82F95500AA1511 /* Products */,
			);
			sourceTree = "<group>";
		};
		A6A5237C1A82F95500AA1511 /* Products */ = {
			isa = PBXGroup;
			children = (
				A6A5237B1A82F95500AA1511 /* autoLayoutSmile.app */,
				A6A523901A82F95500AA1511 /* autoLayoutSmileTests.xctest */,
			);
			name = Products;
			sourceTree = "<group>";
		};
		A6A5237D1A82F95500AA1511 /* autoLayoutSmile */ = {
			isa = PBXGroup;
			children = (
				A6A523801A82F95500AA1511 /* AppDelegate.swift */,
				A6A523821A82F95500AA1511 /* ViewController.swift */,
				A6A523841A82F95500AA1511 /* Main.storyboard */,
				A6A523871A82F95500AA1511 /* Images.xcassets */,
				A6A523891A82F95500AA1511 /* LaunchScreen.xib */,
				A6A5237E1A82F95500AA1511 /* Supporting Files */,
			);
			path = autoLayoutSmile;
			sourceTree = "<group>";
		};
		A6A5237E1A82F95500AA1511 /* Supporting Files */ = {
			isa = PBXGroup;
			children = (
				A6A5237F1A82F95500AA1511 /* Info.plist */,
			);
			name = "Supporting Files";
			sourceTree = "<group>";
		};
		A6A523931A82F95500AA1511 /* autoLayoutSmileTests */ = {
			isa = PBXGroup;
			children = (
				A6A523961A82F95500AA1511 /* autoLayoutSmileTests.swift */,
				A6A523941A82F95500AA1511 /* Supporting Files */,
			);
			path = autoLayoutSmileTests;
			sourceTree = "<group>";
		};
		A6A523941A82F95500AA1511 /* Supporting Files */ = {
			isa = PBXGroup;
			children = (
				A6A523951A82F95500AA1511 /* Info.plist */,
			);
			name = "Supporting Files";
			sourceTree = "<group>";
		};
/* End PBXGroup section */

/* Begin PBXNativeTarget section */
		A6A5237A1A82F95500AA1511 /* autoLayoutSmile */ = {
			isa = PBXNativeTarget;
			buildConfigurationList = A6A5239A1A82F95500AA1511 /* Build configuration list for PBXNativeTarget "autoLayoutSmile" */;
			buildPhases = (
				A6A523771A82F95500AA1511 /* Sources */,
				A6A523781A82F95500AA1511 /* Frameworks */,
				A6A523791A82F95500AA1511 /* Resources */,
			);
			buildRules = (
			);
			dependencies = (
			);
			name = autoLayoutSmile;
			productName = autoLayoutSmile;
			productReference = A6A5237B1A82F95500AA1511 /* autoLayoutSmile.app */;
			productType = "com.apple.product-type.application";
		};
		A6A5238F1A82F95500AA1511 /* autoLayoutSmileTests */ = {
			isa = PBXNativeTarget;
			buildConfigurationList = A6A5239D1A82F95500AA1511 /* Build configuration list for PBXNativeTarget "autoLayoutSmileTests" */;
			buildPhases = (
				A6A5238C1A82F95500AA1511 /* Sources */,
				A6A5238D1A82F95500AA1511 /* Frameworks */,
				A6A5238E1A82F95500AA1511 /* Resources */,
			);
			buildRules = (
			);
			dependencies = (
				A6A523921A82F95500AA1511 /* PBXTargetDependency */,
			);
			name = autoLayoutSmileTests;
			productName = autoLayoutSmileTests;
			productReference = A6A523901A82F95500AA1511 /* autoLayoutSmileTests.xctest */;
			productType = "com.apple.product-type.bundle.unit-test";
		};
/* End PBXNativeTarget section */

/* Begin PBXProject section */
		A6A523731A82F95500AA1511 /* Project object */ = {
			isa = PBXProject;
			attributes = {
				LastUpgradeCheck = 0610;
				ORGANIZATIONNAME = "Jeffrey Lee";
				TargetAttributes = {
					A6A5237A1A82F95500AA1511 = {
						CreatedOnToolsVersion = 6.1.1;
					};
					A6A5238F1A82F95500AA1511 = {
						CreatedOnToolsVersion = 6.1.1;
						TestTargetID = A6A5237A1A82F95500AA1511;
					};
				};
			};
			buildConfigurationList = A6A523761A82F95500AA1511 /* Build configuration list for PBXProject "autoLayoutSmile" */;
			compatibilityVersion = "Xcode 3.2";
			developmentRegion = English;
			hasScannedForEncodings = 0;
			knownRegions = (
				en,
				Base,
			);
			mainGroup = A6A523721A82F95500AA1511;
			productRefGroup = A6A5237C1A82F95500AA1511 /* Products */;
			projectDirPath = "";
			projectRoot = "";
			targets = (
				A6A5237A1A82F95500AA1511 /* autoLayoutSmile */,
				A6A5238F1A82F95500AA1511 /* autoLayoutSmileTests */,
			);
		};
/* End PBXProject section */

/* Begin PBXResourcesBuildPhase section */
		A6A523791A82F95500AA1511 /* Resources */ = {
			isa = PBXResourcesBuildPhase;
			buildActionMask = 2147483647;
			files = (
				A6A523861A82F95500AA1511 /* Main.storyboard in Resources */,
				A6A5238B1A82F95500AA1511 /* LaunchScreen.xib in Resources */,
				A6A523881A82F95500AA1511 /* Images.xcassets in Resources */,
			);
			runOnlyForDeploymentPostprocessing = 0;
		};
		A6A5238E1A82F95500AA1511 /* Resources */ = {
			isa = PBXResourcesBuildPhase;
			buildActionMask = 2147483647;
			files = (
			);
			runOnlyForDeploymentPostprocessing = 0;
		};
/* End PBXResourcesBuildPhase section */

/* Begin PBXSourcesBuildPhase section */
		A6A523771A82F95500AA1511 /* Sources */ = {
			isa = PBXSourcesBuildPhase;
			buildActionMask = 2147483647;
			files = (
				A6A523831A82F95500AA1511 /* ViewController.swift in Sources */,
				A6A523811A82F95500AA1511 /* AppDelegate.swift in Sources */,
			);
			runOnlyForDeploymentPostprocessing = 0;
		};
		A6A5238C1A82F95500AA1511 /* Sources */ = {
			isa = PBXSourcesBuildPhase;
			buildActionMask = 2147483647;
			files = (
				A6A523971A82F95500AA1511 /* autoLayoutSmileTests.swift in Sources */,
			);
			runOnlyForDeploymentPostprocessing = 0;
		};
/* End PBXSourcesBuildPhase section */

/* Begin PBXTargetDependency section */
		A6A523921A82F95500AA1511 /* PBXTargetDependency */ = {
			isa = PBXTargetDependency;
			target = A6A5237A1A82F95500AA1511 /* autoLayoutSmile */;
			targetProxy = A6A523911A82F95500AA1511 /* PBXContainerItemProxy */;
		};
/* End PBXTargetDependency section */

/* Begin PBXVariantGroup section */
		A6A523841A82F95500AA1511 /* Main.storyboard */ = {
			isa = PBXVariantGroup;
			children = (
				A6A523851A82F95500AA1511 /* Base */,
			);
			name = Main.storyboard;
			sourceTree = "<group>";
		};
		A6A523891A82F95500AA1511 /* LaunchScreen.xib */ = {
			isa = PBXVariantGroup;
			children = (
				A6A5238A1A82F95500AA1511 /* Base */,
			);
			name = LaunchScreen.xib;
			sourceTree = "<group>";
		};
/* End PBXVariantGroup section */

/* Begin XCBuildConfiguration section */
		A6A523981A82F95500AA1511 /* Debug */ = {
			isa = XCBuildConfiguration;
			buildSettings = {
				ALWAYS_SEARCH_USER_PATHS = NO;
				CLANG_CXX_LANGUAGE_STANDARD = "gnu++0x";
				CLANG_CXX_LIBRARY = "libc++";
				CLANG_ENABLE_MODULES = YES;
				CLANG_ENABLE_OBJC_ARC = YES;
				CLANG_WARN_BOOL_CONVERSION = YES;
				CLANG_WARN_CONSTANT_CONVERSION = YES;
				CLANG_WARN_DIRECT_OBJC_ISA_USAGE = YES_ERROR;
				CLANG_WARN_EMPTY_BODY = YES;
				CLANG_WARN_ENUM_CONVERSION = YES;
				CLANG_WARN_INT_CONVERSION = YES;
				CLANG_WARN_OBJC_ROOT_CLASS = YES_ERROR;
				CLANG_WARN_UNREACHABLE_CODE = YES;
				CLANG_WARN__DUPLICATE_METHOD_MATCH = YES;
				"CODE_SIGN_IDENTITY[sdk=iphoneos*]" = "iPhone Developer";
				COPY_PHASE_STRIP = NO;
				ENABLE_STRICT_OBJC_MSGSEND = YES;
				GCC_C_LANGUAGE_STANDARD = gnu99;
				GCC_DYNAMIC_NO_PIC = NO;
				GCC_OPTIMIZATION_LEVEL = 0;
				GCC_PREPROCESSOR_DEFINITIONS = (
					"DEBUG=1",
					"$(inherited)",
				);
				GCC_SYMBOLS_PRIVATE_EXTERN = NO;
				GCC_WARN_64_TO_32_BIT_CONVERSION = YES;
				GCC_WARN_ABOUT_RETURN_TYPE = YES_ERROR;
				GCC_WARN_UNDECLARED_SELECTOR = YES;
				GCC_WARN_UNINITIALIZED_AUTOS = YES_AGGRESSIVE;
				GCC_WARN_UNUSED_FUNCTION = YES;
				GCC_WARN_UNUSED_VARIABLE = YES;
				IPHONEOS_DEPLOYMENT_TARGET = 8.1;
				MTL_ENABLE_DEBUG_INFO = YES;
				ONLY_ACTIVE_ARCH = YES;
				SDKROOT = iphoneos;
				SWIFT_OPTIMIZATION_LEVEL = "-Onone";
			};
			name = Debug;
		};
		A6A523991A82F95500AA1511 /* Release */ = {
			isa = XCBuildConfiguration;
			buildSettings = {
				ALWAYS_SEARCH_USER_PATHS = NO;
				CLANG_CXX_LANGUAGE_STANDARD = "gnu++0x";
				CLANG_CXX_LIBRARY = "libc++";
				CLANG_ENABLE_MODULES = YES;
				CLANG_ENABLE_OBJC_ARC = YES;
				CLANG_WARN_BOOL_CONVERSION = YES;
				CLANG_WARN_CONSTANT_CONVERSION = YES;
				CLANG_WARN_DIRECT_OBJC_ISA_USAGE = YES_ERROR;
				CLANG_WARN_EMPTY_BODY = YES;
				CLANG_WARN_ENUM_CONVERSION = YES;
				CLANG_WARN_INT_CONVERSION = YES;
				CLANG_WARN_OBJC_ROOT_CLASS = YES_ERROR;
				CLANG_WARN_UNREACHABLE_CODE = YES;
				CLANG_WARN__DUPLICATE_METHOD_MATCH = YES;
				"CODE_SIGN_IDENTITY[sdk=iphoneos*]" = "iPhone Developer";
				COPY_PHASE_STRIP = YES;
				ENABLE_NS_ASSERTIONS = NO;
				ENABLE_STRICT_OBJC_MSGSEND = YES;
				GCC_C_LANGUAGE_STANDARD = gnu99;
				GCC_WARN_64_TO_32_BIT_CONVERSION = YES;
				GCC_WARN_ABOUT_RETURN_TYPE = YES_ERROR;
				GCC_WARN_UNDECLARED_SELECTOR = YES;
				GCC_WARN_UNINITIALIZED_AUTOS = YES_AGGRESSIVE;
				GCC_WARN_UNUSED_FUNCTION = YES;
				GCC_WARN_UNUSED_VARIABLE = YES;
				IPHONEOS_DEPLOYMENT_TARGET = 8.1;
				MTL_ENABLE_DEBUG_INFO = NO;
				SDKROOT = iphoneos;
				VALIDATE_PRODUCT = YES;
			};
			name = Release;
		};
		A6A5239B1A82F95500AA1511 /* Debug */ = {
			isa = XCBuildConfiguration;
			buildSettings = {
				ASSETCATALOG_COMPILER_APPICON_NAME = AppIcon;
				INFOPLIST_FILE = autoLayoutSmile/Info.plist;
				LD_RUNPATH_SEARCH_PATHS = "$(inherited) @executable_path/Frameworks";
				PRODUCT_NAME = "$(TARGET_NAME)";
			};
			name = Debug;
		};
		A6A5239C1A82F95500AA1511 /* Release */ = {
			isa = XCBuildConfiguration;
			buildSettings = {
				ASSETCATALOG_COMPILER_APPICON_NAME = AppIcon;
				INFOPLIST_FILE = autoLayoutSmile/Info.plist;
				LD_RUNPATH_SEARCH_PATHS = "$(inherited) @executable_path/Frameworks";
				PRODUCT_NAME = "$(TARGET_NAME)";
			};
			name = Release;
		};
		A6A5239E1A82F95500AA1511 /* Debug */ = {
			isa = XCBuildConfiguration;
			buildSettings = {
				BUNDLE_LOADER = "$(TEST_HOST)";
				FRAMEWORK_SEARCH_PATHS = (
					"$(SDKROOT)/Developer/Library/Frameworks",
					"$(inherited)",
				);
				GCC_PREPROCESSOR_DEFINITIONS = (
					"DEBUG=1",
					"$(inherited)",
				);
				INFOPLIST_FILE = autoLayoutSmileTests/Info.plist;
				LD_RUNPATH_SEARCH_PATHS = "$(inherited) @executable_path/Frameworks @loader_path/Frameworks";
				PRODUCT_NAME = "$(TARGET_NAME)";
				TEST_HOST = "$(BUILT_PRODUCTS_DIR)/autoLayoutSmile.app/autoLayoutSmile";
			};
			name = Debug;
		};
		A6A5239F1A82F95500AA1511 /* Release */ = {
			isa = XCBuildConfiguration;
			buildSettings = {
				BUNDLE_LOADER = "$(TEST_HOST)";
				FRAMEWORK_SEARCH_PATHS = (
					"$(SDKROOT)/Developer/Library/Frameworks",
					"$(inherited)",
				);
				INFOPLIST_FILE = autoLayoutSmileTests/Info.plist;
				LD_RUNPATH_SEARCH_PATHS = "$(inherited) @executable_path/Frameworks @loader_path/Frameworks";
				PRODUCT_NAME = "$(TARGET_NAME)";
				TEST_HOST = "$(BUILT_PRODUCTS_DIR)/autoLayoutSmile.app/autoLayoutSmile";
			};
			name = Release;
		};
/* End XCBuildConfiguration section */

/* Begin XCConfigurationList section */
		A6A523761A82F95500AA1511 /* Build configuration list for PBXProject "autoLayoutSmile" */ = {
			isa = XCConfigurationList;
			buildConfigurations = (
				A6A523981A82F95500AA1511 /* Debug */,
				A6A523991A82F95500AA1511 /* Release */,
			);
			defaultConfigurationIsVisible = 0;
			defaultConfigurationName = Release;
		};
		A6A5239A1A82F95500AA1511 /* Build configuration list for PBXNativeTarget "autoLayoutSmile" */ = {
			isa = XCConfigurationList;
			buildConfigurations = (
				A6A5239B1A82F95500AA1511 /* Debug */,
				A6A5239C1A82F95500AA1511 /* Release */,
			);
			defaultConfigurationIsVisible = 0;
		};
		A6A5239D1A82F95500AA1511 /* Build configuration list for PBXNativeTarget "autoLayoutSmileTests" */ = {
			isa = XCConfigurationList;
			buildConfigurations = (
				A6A5239E1A82F95500AA1511 /* Debug */,
				A6A5239F1A82F95500AA1511 /* Release */,
			);
			defaultConfigurationIsVisible = 0;
		};
/* End XCConfigurationList section */
	};
	rootObject = A6A523731A82F95500AA1511 /* Project object */;
}
