// !$*UTF8*$!
{
	archiveVersion = 1;
	classes = {
	};
	objectVersion = 46;
	objects = {

/* Begin PBXBuildFile section */
		A6134D241A746C4F00EF3F89 /* AppDelegate.swift in Sources */ = {isa = PBXBuildFile; fileRef = A6134D231A746C4F00EF3F89 /* AppDelegate.swift */; };
		A6134D261A746C4F00EF3F89 /* ViewController.swift in Sources */ = {isa = PBXBuildFile; fileRef = A6134D251A746C4F00EF3F89 /* ViewController.swift */; };
		A6134D291A746C4F00EF3F89 /* Main.storyboard in Resources */ = {isa = PBXBuildFile; fileRef = A6134D271A746C4F00EF3F89 /* Main.storyboard */; };
		A6134D2B1A746C4F00EF3F89 /* Images.xcassets in Resources */ = {isa = PBXBuildFile; fileRef = A6134D2A1A746C4F00EF3F89 /* Images.xcassets */; };
		A6134D2E1A746C4F00EF3F89 /* LaunchScreen.xib in Resources */ = {isa = PBXBuildFile; fileRef = A6134D2C1A746C4F00EF3F89 /* LaunchScreen.xib */; };
		A6134D3A1A746C4F00EF3F89 /* todo_TestTests.swift in Sources */ = {isa = PBXBuildFile; fileRef = A6134D391A746C4F00EF3F89 /* todo_TestTests.swift */; };
/* End PBXBuildFile section */

/* Begin PBXContainerItemProxy section */
		A6134D341A746C4F00EF3F89 /* PBXContainerItemProxy */ = {
			isa = PBXContainerItemProxy;
			containerPortal = A6134D161A746C4E00EF3F89 /* Project object */;
			proxyType = 1;
			remoteGlobalIDString = A6134D1D1A746C4F00EF3F89;
			remoteInfo = "todo-Test";
		};
/* End PBXContainerItemProxy section */

/* Begin PBXFileReference section */
		A6134D1E1A746C4F00EF3F89 /* todo-Test.app */ = {isa = PBXFileReference; explicitFileType = wrapper.application; includeInIndex = 0; path = "todo-Test.app"; sourceTree = BUILT_PRODUCTS_DIR; };
		A6134D221A746C4F00EF3F89 /* Info.plist */ = {isa = PBXFileReference; lastKnownFileType = text.plist.xml; path = Info.plist; sourceTree = "<group>"; };
		A6134D231A746C4F00EF3F89 /* AppDelegate.swift */ = {isa = PBXFileReference; lastKnownFileType = sourcecode.swift; path = AppDelegate.swift; sourceTree = "<group>"; };
		A6134D251A746C4F00EF3F89 /* ViewController.swift */ = {isa = PBXFileReference; lastKnownFileType = sourcecode.swift; path = ViewController.swift; sourceTree = "<group>"; };
		A6134D281A746C4F00EF3F89 /* Base */ = {isa = PBXFileReference; lastKnownFileType = file.storyboard; name = Base; path = Base.lproj/Main.storyboard; sourceTree = "<group>"; };
		A6134D2A1A746C4F00EF3F89 /* Images.xcassets */ = {isa = PBXFileReference; lastKnownFileType = folder.assetcatalog; path = Images.xcassets; sourceTree = "<group>"; };
		A6134D2D1A746C4F00EF3F89 /* Base */ = {isa = PBXFileReference; lastKnownFileType = file.xib; name = Base; path = Base.lproj/LaunchScreen.xib; sourceTree = "<group>"; };
		A6134D331A746C4F00EF3F89 /* todo-TestTests.xctest */ = {isa = PBXFileReference; explicitFileType = wrapper.cfbundle; includeInIndex = 0; path = "todo-TestTests.xctest"; sourceTree = BUILT_PRODUCTS_DIR; };
		A6134D381A746C4F00EF3F89 /* Info.plist */ = {isa = PBXFileReference; lastKnownFileType = text.plist.xml; path = Info.plist; sourceTree = "<group>"; };
		A6134D391A746C4F00EF3F89 /* todo_TestTests.swift */ = {isa = PBXFileReference; lastKnownFileType = sourcecode.swift; path = todo_TestTests.swift; sourceTree = "<group>"; };
/* End PBXFileReference section */

/* Begin PBXFrameworksBuildPhase section */
		A6134D1B1A746C4F00EF3F89 /* Frameworks */ = {
			isa = PBXFrameworksBuildPhase;
			buildActionMask = 2147483647;
			files = (
			);
			runOnlyForDeploymentPostprocessing = 0;
		};
		A6134D301A746C4F00EF3F89 /* Frameworks */ = {
			isa = PBXFrameworksBuildPhase;
			buildActionMask = 2147483647;
			files = (
			);
			runOnlyForDeploymentPostprocessing = 0;
		};
/* End PBXFrameworksBuildPhase section */

/* Begin PBXGroup section */
		A6134D151A746C4E00EF3F89 = {
			isa = PBXGroup;
			children = (
				A6134D201A746C4F00EF3F89 /* todo-Test */,
				A6134D361A746C4F00EF3F89 /* todo-TestTests */,
				A6134D1F1A746C4F00EF3F89 /* Products */,
			);
			sourceTree = "<group>";
		};
		A6134D1F1A746C4F00EF3F89 /* Products */ = {
			isa = PBXGroup;
			children = (
				A6134D1E1A746C4F00EF3F89 /* todo-Test.app */,
				A6134D331A746C4F00EF3F89 /* todo-TestTests.xctest */,
			);
			name = Products;
			sourceTree = "<group>";
		};
		A6134D201A746C4F00EF3F89 /* todo-Test */ = {
			isa = PBXGroup;
			children = (
				A6134D231A746C4F00EF3F89 /* AppDelegate.swift */,
				A6134D251A746C4F00EF3F89 /* ViewController.swift */,
				A6134D271A746C4F00EF3F89 /* Main.storyboard */,
				A6134D2A1A746C4F00EF3F89 /* Images.xcassets */,
				A6134D2C1A746C4F00EF3F89 /* LaunchScreen.xib */,
				A6134D211A746C4F00EF3F89 /* Supporting Files */,
			);
			path = "todo-Test";
			sourceTree = "<group>";
		};
		A6134D211A746C4F00EF3F89 /* Supporting Files */ = {
			isa = PBXGroup;
			children = (
				A6134D221A746C4F00EF3F89 /* Info.plist */,
			);
			name = "Supporting Files";
			sourceTree = "<group>";
		};
		A6134D361A746C4F00EF3F89 /* todo-TestTests */ = {
			isa = PBXGroup;
			children = (
				A6134D391A746C4F00EF3F89 /* todo_TestTests.swift */,
				A6134D371A746C4F00EF3F89 /* Supporting Files */,
			);
			path = "todo-TestTests";
			sourceTree = "<group>";
		};
		A6134D371A746C4F00EF3F89 /* Supporting Files */ = {
			isa = PBXGroup;
			children = (
				A6134D381A746C4F00EF3F89 /* Info.plist */,
			);
			name = "Supporting Files";
			sourceTree = "<group>";
		};
/* End PBXGroup section */

/* Begin PBXNativeTarget section */
		A6134D1D1A746C4F00EF3F89 /* todo-Test */ = {
			isa = PBXNativeTarget;
			buildConfigurationList = A6134D3D1A746C4F00EF3F89 /* Build configuration list for PBXNativeTarget "todo-Test" */;
			buildPhases = (
				A6134D1A1A746C4F00EF3F89 /* Sources */,
				A6134D1B1A746C4F00EF3F89 /* Frameworks */,
				A6134D1C1A746C4F00EF3F89 /* Resources */,
			);
			buildRules = (
			);
			dependencies = (
			);
			name = "todo-Test";
			productName = "todo-Test";
			productReference = A6134D1E1A746C4F00EF3F89 /* todo-Test.app */;
			productType = "com.apple.product-type.application";
		};
		A6134D321A746C4F00EF3F89 /* todo-TestTests */ = {
			isa = PBXNativeTarget;
			buildConfigurationList = A6134D401A746C4F00EF3F89 /* Build configuration list for PBXNativeTarget "todo-TestTests" */;
			buildPhases = (
				A6134D2F1A746C4F00EF3F89 /* Sources */,
				A6134D301A746C4F00EF3F89 /* Frameworks */,
				A6134D311A746C4F00EF3F89 /* Resources */,
			);
			buildRules = (
			);
			dependencies = (
				A6134D351A746C4F00EF3F89 /* PBXTargetDependency */,
			);
			name = "todo-TestTests";
			productName = "todo-TestTests";
			productReference = A6134D331A746C4F00EF3F89 /* todo-TestTests.xctest */;
			productType = "com.apple.product-type.bundle.unit-test";
		};
/* End PBXNativeTarget section */

/* Begin PBXProject section */
		A6134D161A746C4E00EF3F89 /* Project object */ = {
			isa = PBXProject;
			attributes = {
				LastUpgradeCheck = 0610;
				ORGANIZATIONNAME = "Jeffrey Lee";
				TargetAttributes = {
					A6134D1D1A746C4F00EF3F89 = {
						CreatedOnToolsVersion = 6.1.1;
					};
					A6134D321A746C4F00EF3F89 = {
						CreatedOnToolsVersion = 6.1.1;
						TestTargetID = A6134D1D1A746C4F00EF3F89;
					};
				};
			};
			buildConfigurationList = A6134D191A746C4E00EF3F89 /* Build configuration list for PBXProject "todo-Test" */;
			compatibilityVersion = "Xcode 3.2";
			developmentRegion = English;
			hasScannedForEncodings = 0;
			knownRegions = (
				en,
				Base,
			);
			mainGroup = A6134D151A746C4E00EF3F89;
			productRefGroup = A6134D1F1A746C4F00EF3F89 /* Products */;
			projectDirPath = "";
			projectRoot = "";
			targets = (
				A6134D1D1A746C4F00EF3F89 /* todo-Test */,
				A6134D321A746C4F00EF3F89 /* todo-TestTests */,
			);
		};
/* End PBXProject section */

/* Begin PBXResourcesBuildPhase section */
		A6134D1C1A746C4F00EF3F89 /* Resources */ = {
			isa = PBXResourcesBuildPhase;
			buildActionMask = 2147483647;
			files = (
				A6134D291A746C4F00EF3F89 /* Main.storyboard in Resources */,
				A6134D2E1A746C4F00EF3F89 /* LaunchScreen.xib in Resources */,
				A6134D2B1A746C4F00EF3F89 /* Images.xcassets in Resources */,
			);
			runOnlyForDeploymentPostprocessing = 0;
		};
		A6134D311A746C4F00EF3F89 /* Resources */ = {
			isa = PBXResourcesBuildPhase;
			buildActionMask = 2147483647;
			files = (
			);
			runOnlyForDeploymentPostprocessing = 0;
		};
/* End PBXResourcesBuildPhase section */

/* Begin PBXSourcesBuildPhase section */
		A6134D1A1A746C4F00EF3F89 /* Sources */ = {
			isa = PBXSourcesBuildPhase;
			buildActionMask = 2147483647;
			files = (
				A6134D261A746C4F00EF3F89 /* ViewController.swift in Sources */,
				A6134D241A746C4F00EF3F89 /* AppDelegate.swift in Sources */,
			);
			runOnlyForDeploymentPostprocessing = 0;
		};
		A6134D2F1A746C4F00EF3F89 /* Sources */ = {
			isa = PBXSourcesBuildPhase;
			buildActionMask = 2147483647;
			files = (
				A6134D3A1A746C4F00EF3F89 /* todo_TestTests.swift in Sources */,
			);
			runOnlyForDeploymentPostprocessing = 0;
		};
/* End PBXSourcesBuildPhase section */

/* Begin PBXTargetDependency section */
		A6134D351A746C4F00EF3F89 /* PBXTargetDependency */ = {
			isa = PBXTargetDependency;
			target = A6134D1D1A746C4F00EF3F89 /* todo-Test */;
			targetProxy = A6134D341A746C4F00EF3F89 /* PBXContainerItemProxy */;
		};
/* End PBXTargetDependency section */

/* Begin PBXVariantGroup section */
		A6134D271A746C4F00EF3F89 /* Main.storyboard */ = {
			isa = PBXVariantGroup;
			children = (
				A6134D281A746C4F00EF3F89 /* Base */,
			);
			name = Main.storyboard;
			sourceTree = "<group>";
		};
		A6134D2C1A746C4F00EF3F89 /* LaunchScreen.xib */ = {
			isa = PBXVariantGroup;
			children = (
				A6134D2D1A746C4F00EF3F89 /* Base */,
			);
			name = LaunchScreen.xib;
			sourceTree = "<group>";
		};
/* End PBXVariantGroup section */

/* Begin XCBuildConfiguration section */
		A6134D3B1A746C4F00EF3F89 /* Debug */ = {
			isa = XCBuildConfiguration;
			buildSettings = {
				ALWAYS_SEARCH_USER_PATHS = NO;
				CLANG_CXX_LANGUAGE_STANDARD = "gnu++0x";
				CLANG_CXX_LIBRARY = "libc++";
				CLANG_ENABLE_MODULES = YES;
				CLANG_ENABLE_OBJC_ARC = YES;
				CLANG_WARN_BOOL_CONVERSION = YES;
				CLANG_WARN_CONSTANT_CONVERSION = YES;
				CLANG_WARN_DIRECT_OBJC_ISA_USAGE = YES_ERROR;
				CLANG_WARN_EMPTY_BODY = YES;
				CLANG_WARN_ENUM_CONVERSION = YES;
				CLANG_WARN_INT_CONVERSION = YES;
				CLANG_WARN_OBJC_ROOT_CLASS = YES_ERROR;
				CLANG_WARN_UNREACHABLE_CODE = YES;
				CLANG_WARN__DUPLICATE_METHOD_MATCH = YES;
				"CODE_SIGN_IDENTITY[sdk=iphoneos*]" = "iPhone Developer";
				COPY_PHASE_STRIP = NO;
				ENABLE_STRICT_OBJC_MSGSEND = YES;
				GCC_C_LANGUAGE_STANDARD = gnu99;
				GCC_DYNAMIC_NO_PIC = NO;
				GCC_OPTIMIZATION_LEVEL = 0;
				GCC_PREPROCESSOR_DEFINITIONS = (
					"DEBUG=1",
					"$(inherited)",
				);
				GCC_SYMBOLS_PRIVATE_EXTERN = NO;
				GCC_WARN_64_TO_32_BIT_CONVERSION = YES;
				GCC_WARN_ABOUT_RETURN_TYPE = YES_ERROR;
				GCC_WARN_UNDECLARED_SELECTOR = YES;
				GCC_WARN_UNINITIALIZED_AUTOS = YES_AGGRESSIVE;
				GCC_WARN_UNUSED_FUNCTION = YES;
				GCC_WARN_UNUSED_VARIABLE = YES;
				IPHONEOS_DEPLOYMENT_TARGET = 8.1;
				MTL_ENABLE_DEBUG_INFO = YES;
				ONLY_ACTIVE_ARCH = YES;
				SDKROOT = iphoneos;
				SWIFT_OPTIMIZATION_LEVEL = "-Onone";
			};
			name = Debug;
		};
		A6134D3C1A746C4F00EF3F89 /* Release */ = {
			isa = XCBuildConfiguration;
			buildSettings = {
				ALWAYS_SEARCH_USER_PATHS = NO;
				CLANG_CXX_LANGUAGE_STANDARD = "gnu++0x";
				CLANG_CXX_LIBRARY = "libc++";
				CLANG_ENABLE_MODULES = YES;
				CLANG_ENABLE_OBJC_ARC = YES;
				CLANG_WARN_BOOL_CONVERSION = YES;
				CLANG_WARN_CONSTANT_CONVERSION = YES;
				CLANG_WARN_DIRECT_OBJC_ISA_USAGE = YES_ERROR;
				CLANG_WARN_EMPTY_BODY = YES;
				CLANG_WARN_ENUM_CONVERSION = YES;
				CLANG_WARN_INT_CONVERSION = YES;
				CLANG_WARN_OBJC_ROOT_CLASS = YES_ERROR;
				CLANG_WARN_UNREACHABLE_CODE = YES;
				CLANG_WARN__DUPLICATE_METHOD_MATCH = YES;
				"CODE_SIGN_IDENTITY[sdk=iphoneos*]" = "iPhone Developer";
				COPY_PHASE_STRIP = YES;
				ENABLE_NS_ASSERTIONS = NO;
				ENABLE_STRICT_OBJC_MSGSEND = YES;
				GCC_C_LANGUAGE_STANDARD = gnu99;
				GCC_WARN_64_TO_32_BIT_CONVERSION = YES;
				GCC_WARN_ABOUT_RETURN_TYPE = YES_ERROR;
				GCC_WARN_UNDECLARED_SELECTOR = YES;
				GCC_WARN_UNINITIALIZED_AUTOS = YES_AGGRESSIVE;
				GCC_WARN_UNUSED_FUNCTION = YES;
				GCC_WARN_UNUSED_VARIABLE = YES;
				IPHONEOS_DEPLOYMENT_TARGET = 8.1;
				MTL_ENABLE_DEBUG_INFO = NO;
				SDKROOT = iphoneos;
				VALIDATE_PRODUCT = YES;
			};
			name = Release;
		};
		A6134D3E1A746C4F00EF3F89 /* Debug */ = {
			isa = XCBuildConfiguration;
			buildSettings = {
				ASSETCATALOG_COMPILER_APPICON_NAME = AppIcon;
				INFOPLIST_FILE = "todo-Test/Info.plist";
				LD_RUNPATH_SEARCH_PATHS = "$(inherited) @executable_path/Frameworks";
				PRODUCT_NAME = "$(TARGET_NAME)";
			};
			name = Debug;
		};
		A6134D3F1A746C4F00EF3F89 /* Release */ = {
			isa = XCBuildConfiguration;
			buildSettings = {
				ASSETCATALOG_COMPILER_APPICON_NAME = AppIcon;
				INFOPLIST_FILE = "todo-Test/Info.plist";
				LD_RUNPATH_SEARCH_PATHS = "$(inherited) @executable_path/Frameworks";
				PRODUCT_NAME = "$(TARGET_NAME)";
			};
			name = Release;
		};
		A6134D411A746C4F00EF3F89 /* Debug */ = {
			isa = XCBuildConfiguration;
			buildSettings = {
				BUNDLE_LOADER = "$(TEST_HOST)";
				FRAMEWORK_SEARCH_PATHS = (
					"$(SDKROOT)/Developer/Library/Frameworks",
					"$(inherited)",
				);
				GCC_PREPROCESSOR_DEFINITIONS = (
					"DEBUG=1",
					"$(inherited)",
				);
				INFOPLIST_FILE = "todo-TestTests/Info.plist";
				LD_RUNPATH_SEARCH_PATHS = "$(inherited) @executable_path/Frameworks @loader_path/Frameworks";
				PRODUCT_NAME = "$(TARGET_NAME)";
				TEST_HOST = "$(BUILT_PRODUCTS_DIR)/todo-Test.app/todo-Test";
			};
			name = Debug;
		};
		A6134D421A746C4F00EF3F89 /* Release */ = {
			isa = XCBuildConfiguration;
			buildSettings = {
				BUNDLE_LOADER = "$(TEST_HOST)";
				FRAMEWORK_SEARCH_PATHS = (
					"$(SDKROOT)/Developer/Library/Frameworks",
					"$(inherited)",
				);
				INFOPLIST_FILE = "todo-TestTests/Info.plist";
				LD_RUNPATH_SEARCH_PATHS = "$(inherited) @executable_path/Frameworks @loader_path/Frameworks";
				PRODUCT_NAME = "$(TARGET_NAME)";
				TEST_HOST = "$(BUILT_PRODUCTS_DIR)/todo-Test.app/todo-Test";
			};
			name = Release;
		};
/* End XCBuildConfiguration section */

/* Begin XCConfigurationList section */
		A6134D191A746C4E00EF3F89 /* Build configuration list for PBXProject "todo-Test" */ = {
			isa = XCConfigurationList;
			buildConfigurations = (
				A6134D3B1A746C4F00EF3F89 /* Debug */,
				A6134D3C1A746C4F00EF3F89 /* Release */,
			);
			defaultConfigurationIsVisible = 0;
			defaultConfigurationName = Release;
		};
		A6134D3D1A746C4F00EF3F89 /* Build configuration list for PBXNativeTarget "todo-Test" */ = {
			isa = XCConfigurationList;
			buildConfigurations = (
				A6134D3E1A746C4F00EF3F89 /* Debug */,
				A6134D3F1A746C4F00EF3F89 /* Release */,
			);
			defaultConfigurationIsVisible = 0;
		};
		A6134D401A746C4F00EF3F89 /* Build configuration list for PBXNativeTarget "todo-TestTests" */ = {
			isa = XCConfigurationList;
			buildConfigurations = (
				A6134D411A746C4F00EF3F89 /* Debug */,
				A6134D421A746C4F00EF3F89 /* Release */,
			);
			defaultConfigurationIsVisible = 0;
		};
/* End XCConfigurationList section */
	};
	rootObject = A6134D161A746C4E00EF3F89 /* Project object */;
}
