// !$*UTF8*$!
{
	archiveVersion = 1;
	classes = {
	};
	objectVersion = 46;
	objects = {

/* Begin PBXBuildFile section */
		A6F951141A7080840067D3BA /* AppDelegate.swift in Sources */ = {isa = PBXBuildFile; fileRef = A6F951131A7080840067D3BA /* AppDelegate.swift */; };
		A6F951161A7080840067D3BA /* ModalViewController.swift in Sources */ = {isa = PBXBuildFile; fileRef = A6F951151A7080840067D3BA /* ModalViewController.swift */; };
		A6F951191A7080840067D3BA /* Main.storyboard in Resources */ = {isa = PBXBuildFile; fileRef = A6F951171A7080840067D3BA /* Main.storyboard */; };
		A6F9511B1A7080840067D3BA /* Images.xcassets in Resources */ = {isa = PBXBuildFile; fileRef = A6F9511A1A7080840067D3BA /* Images.xcassets */; };
		A6F9511E1A7080840067D3BA /* LaunchScreen.xib in Resources */ = {isa = PBXBuildFile; fileRef = A6F9511C1A7080840067D3BA /* LaunchScreen.xib */; };
		A6F9512A1A7080840067D3BA /* todoTests.swift in Sources */ = {isa = PBXBuildFile; fileRef = A6F951291A7080840067D3BA /* todoTests.swift */; };
		A6F951341A7081FB0067D3BA /* MainViewController.swift in Sources */ = {isa = PBXBuildFile; fileRef = A6F951331A7081FB0067D3BA /* MainViewController.swift */; };
/* End PBXBuildFile section */

/* Begin PBXContainerItemProxy section */
		A6F951241A7080840067D3BA /* PBXContainerItemProxy */ = {
			isa = PBXContainerItemProxy;
			containerPortal = A6F951061A7080840067D3BA /* Project object */;
			proxyType = 1;
			remoteGlobalIDString = A6F9510D1A7080840067D3BA;
			remoteInfo = todo;
		};
/* End PBXContainerItemProxy section */

/* Begin PBXFileReference section */
		A6134D141A744A0100EF3F89 /* todo-Bridging-Header.h */ = {isa = PBXFileReference; lastKnownFileType = sourcecode.c.h; path = "todo-Bridging-Header.h"; sourceTree = "<group>"; };
		A6F9510E1A7080840067D3BA /* FleshedOutTodos.app */ = {isa = PBXFileReference; explicitFileType = wrapper.application; includeInIndex = 0; path = FleshedOutTodos.app; sourceTree = BUILT_PRODUCTS_DIR; };
		A6F951121A7080840067D3BA /* Info.plist */ = {isa = PBXFileReference; lastKnownFileType = text.plist.xml; path = Info.plist; sourceTree = "<group>"; };
		A6F951131A7080840067D3BA /* AppDelegate.swift */ = {isa = PBXFileReference; lastKnownFileType = sourcecode.swift; path = AppDelegate.swift; sourceTree = "<group>"; };
		A6F951151A7080840067D3BA /* ModalViewController.swift */ = {isa = PBXFileReference; lastKnownFileType = sourcecode.swift; path = ModalViewController.swift; sourceTree = "<group>"; };
		A6F951181A7080840067D3BA /* Base */ = {isa = PBXFileReference; lastKnownFileType = file.storyboard; name = Base; path = Base.lproj/Main.storyboard; sourceTree = "<group>"; };
		A6F9511A1A7080840067D3BA /* Images.xcassets */ = {isa = PBXFileReference; lastKnownFileType = folder.assetcatalog; path = Images.xcassets; sourceTree = "<group>"; };
		A6F9511D1A7080840067D3BA /* Base */ = {isa = PBXFileReference; lastKnownFileType = file.xib; name = Base; path = Base.lproj/LaunchScreen.xib; sourceTree = "<group>"; };
		A6F951231A7080840067D3BA /* FleshedOutTodosTests.xctest */ = {isa = PBXFileReference; explicitFileType = wrapper.cfbundle; includeInIndex = 0; path = FleshedOutTodosTests.xctest; sourceTree = BUILT_PRODUCTS_DIR; };
		A6F951281A7080840067D3BA /* Info.plist */ = {isa = PBXFileReference; lastKnownFileType = text.plist.xml; path = Info.plist; sourceTree = "<group>"; };
		A6F951291A7080840067D3BA /* todoTests.swift */ = {isa = PBXFileReference; lastKnownFileType = sourcecode.swift; path = todoTests.swift; sourceTree = "<group>"; };
		A6F951331A7081FB0067D3BA /* MainViewController.swift */ = {isa = PBXFileReference; fileEncoding = 4; lastKnownFileType = sourcecode.swift; path = MainViewController.swift; sourceTree = "<group>"; };
/* End PBXFileReference section */

/* Begin PBXFrameworksBuildPhase section */
		A6F9510B1A7080840067D3BA /* Frameworks */ = {
			isa = PBXFrameworksBuildPhase;
			buildActionMask = 2147483647;
			files = (
			);
			runOnlyForDeploymentPostprocessing = 0;
		};
		A6F951201A7080840067D3BA /* Frameworks */ = {
			isa = PBXFrameworksBuildPhase;
			buildActionMask = 2147483647;
			files = (
			);
			runOnlyForDeploymentPostprocessing = 0;
		};
/* End PBXFrameworksBuildPhase section */

/* Begin PBXGroup section */
		A6F951051A7080840067D3BA = {
			isa = PBXGroup;
			children = (
				A6F951101A7080840067D3BA /* todo */,
				A6F951261A7080840067D3BA /* todoTests */,
				A6F9510F1A7080840067D3BA /* Products */,
			);
			sourceTree = "<group>";
		};
		A6F9510F1A7080840067D3BA /* Products */ = {
			isa = PBXGroup;
			children = (
				A6F9510E1A7080840067D3BA /* FleshedOutTodos.app */,
				A6F951231A7080840067D3BA /* FleshedOutTodosTests.xctest */,
			);
			name = Products;
			sourceTree = "<group>";
		};
		A6F951101A7080840067D3BA /* todo */ = {
			isa = PBXGroup;
			children = (
				A6134D141A744A0100EF3F89 /* todo-Bridging-Header.h */,
				A6F951131A7080840067D3BA /* AppDelegate.swift */,
				A6F951151A7080840067D3BA /* ModalViewController.swift */,
				A6F951331A7081FB0067D3BA /* MainViewController.swift */,
				A6F951171A7080840067D3BA /* Main.storyboard */,
				A6F9511A1A7080840067D3BA /* Images.xcassets */,
				A6F9511C1A7080840067D3BA /* LaunchScreen.xib */,
				A6F951111A7080840067D3BA /* Supporting Files */,
			);
			path = todo;
			sourceTree = "<group>";
		};
		A6F951111A7080840067D3BA /* Supporting Files */ = {
			isa = PBXGroup;
			children = (
				A6F951121A7080840067D3BA /* Info.plist */,
			);
			name = "Supporting Files";
			sourceTree = "<group>";
		};
		A6F951261A7080840067D3BA /* todoTests */ = {
			isa = PBXGroup;
			children = (
				A6F951291A7080840067D3BA /* todoTests.swift */,
				A6F951271A7080840067D3BA /* Supporting Files */,
			);
			path = todoTests;
			sourceTree = "<group>";
		};
		A6F951271A7080840067D3BA /* Supporting Files */ = {
			isa = PBXGroup;
			children = (
				A6F951281A7080840067D3BA /* Info.plist */,
			);
			name = "Supporting Files";
			sourceTree = "<group>";
		};
/* End PBXGroup section */

/* Begin PBXNativeTarget section */
		A6F9510D1A7080840067D3BA /* FleshedOutTodos */ = {
			isa = PBXNativeTarget;
			buildConfigurationList = A6F9512D1A7080840067D3BA /* Build configuration list for PBXNativeTarget "FleshedOutTodos" */;
			buildPhases = (
				A6F9510A1A7080840067D3BA /* Sources */,
				A6F9510B1A7080840067D3BA /* Frameworks */,
				A6F9510C1A7080840067D3BA /* Resources */,
			);
			buildRules = (
			);
			dependencies = (
			);
			name = FleshedOutTodos;
			productName = todo;
			productReference = A6F9510E1A7080840067D3BA /* FleshedOutTodos.app */;
			productType = "com.apple.product-type.application";
		};
		A6F951221A7080840067D3BA /* FleshedOutTodosTests */ = {
			isa = PBXNativeTarget;
			buildConfigurationList = A6F951301A7080840067D3BA /* Build configuration list for PBXNativeTarget "FleshedOutTodosTests" */;
			buildPhases = (
				A6F9511F1A7080840067D3BA /* Sources */,
				A6F951201A7080840067D3BA /* Frameworks */,
				A6F951211A7080840067D3BA /* Resources */,
			);
			buildRules = (
			);
			dependencies = (
				A6F951251A7080840067D3BA /* PBXTargetDependency */,
			);
			name = FleshedOutTodosTests;
			productName = todoTests;
			productReference = A6F951231A7080840067D3BA /* FleshedOutTodosTests.xctest */;
			productType = "com.apple.product-type.bundle.unit-test";
		};
/* End PBXNativeTarget section */

/* Begin PBXProject section */
		A6F951061A7080840067D3BA /* Project object */ = {
			isa = PBXProject;
			attributes = {
				LastUpgradeCheck = 0610;
				ORGANIZATIONNAME = "Jeffrey Lee";
				TargetAttributes = {
					A6F9510D1A7080840067D3BA = {
						CreatedOnToolsVersion = 6.1.1;
					};
					A6F951221A7080840067D3BA = {
						CreatedOnToolsVersion = 6.1.1;
						TestTargetID = A6F9510D1A7080840067D3BA;
					};
				};
			};
			buildConfigurationList = A6F951091A7080840067D3BA /* Build configuration list for PBXProject "FleshedOutTodos" */;
			compatibilityVersion = "Xcode 3.2";
			developmentRegion = English;
			hasScannedForEncodings = 0;
			knownRegions = (
				en,
				Base,
			);
			mainGroup = A6F951051A7080840067D3BA;
			productRefGroup = A6F9510F1A7080840067D3BA /* Products */;
			projectDirPath = "";
			projectRoot = "";
			targets = (
				A6F9510D1A7080840067D3BA /* FleshedOutTodos */,
				A6F951221A7080840067D3BA /* FleshedOutTodosTests */,
			);
		};
/* End PBXProject section */

/* Begin PBXResourcesBuildPhase section */
		A6F9510C1A7080840067D3BA /* Resources */ = {
			isa = PBXResourcesBuildPhase;
			buildActionMask = 2147483647;
			files = (
				A6F951191A7080840067D3BA /* Main.storyboard in Resources */,
				A6F9511E1A7080840067D3BA /* LaunchScreen.xib in Resources */,
				A6F9511B1A7080840067D3BA /* Images.xcassets in Resources */,
			);
			runOnlyForDeploymentPostprocessing = 0;
		};
		A6F951211A7080840067D3BA /* Resources */ = {
			isa = PBXResourcesBuildPhase;
			buildActionMask = 2147483647;
			files = (
			);
			runOnlyForDeploymentPostprocessing = 0;
		};
/* End PBXResourcesBuildPhase section */

/* Begin PBXSourcesBuildPhase section */
		A6F9510A1A7080840067D3BA /* Sources */ = {
			isa = PBXSourcesBuildPhase;
			buildActionMask = 2147483647;
			files = (
				A6F951341A7081FB0067D3BA /* MainViewController.swift in Sources */,
				A6F951161A7080840067D3BA /* ModalViewController.swift in Sources */,
				A6F951141A7080840067D3BA /* AppDelegate.swift in Sources */,
			);
			runOnlyForDeploymentPostprocessing = 0;
		};
		A6F9511F1A7080840067D3BA /* Sources */ = {
			isa = PBXSourcesBuildPhase;
			buildActionMask = 2147483647;
			files = (
				A6F9512A1A7080840067D3BA /* todoTests.swift in Sources */,
			);
			runOnlyForDeploymentPostprocessing = 0;
		};
/* End PBXSourcesBuildPhase section */

/* Begin PBXTargetDependency section */
		A6F951251A7080840067D3BA /* PBXTargetDependency */ = {
			isa = PBXTargetDependency;
			target = A6F9510D1A7080840067D3BA /* FleshedOutTodos */;
			targetProxy = A6F951241A7080840067D3BA /* PBXContainerItemProxy */;
		};
/* End PBXTargetDependency section */

/* Begin PBXVariantGroup section */
		A6F951171A7080840067D3BA /* Main.storyboard */ = {
			isa = PBXVariantGroup;
			children = (
				A6F951181A7080840067D3BA /* Base */,
			);
			name = Main.storyboard;
			sourceTree = "<group>";
		};
		A6F9511C1A7080840067D3BA /* LaunchScreen.xib */ = {
			isa = PBXVariantGroup;
			children = (
				A6F9511D1A7080840067D3BA /* Base */,
			);
			name = LaunchScreen.xib;
			sourceTree = "<group>";
		};
/* End PBXVariantGroup section */

/* Begin XCBuildConfiguration section */
		A6F9512B1A7080840067D3BA /* Debug */ = {
			isa = XCBuildConfiguration;
			buildSettings = {
				ALWAYS_SEARCH_USER_PATHS = NO;
				CLANG_CXX_LANGUAGE_STANDARD = "gnu++0x";
				CLANG_CXX_LIBRARY = "libc++";
				CLANG_ENABLE_MODULES = YES;
				CLANG_ENABLE_OBJC_ARC = YES;
				CLANG_WARN_BOOL_CONVERSION = YES;
				CLANG_WARN_CONSTANT_CONVERSION = YES;
				CLANG_WARN_DIRECT_OBJC_ISA_USAGE = YES_ERROR;
				CLANG_WARN_EMPTY_BODY = YES;
				CLANG_WARN_ENUM_CONVERSION = YES;
				CLANG_WARN_INT_CONVERSION = YES;
				CLANG_WARN_OBJC_ROOT_CLASS = YES_ERROR;
				CLANG_WARN_UNREACHABLE_CODE = YES;
				CLANG_WARN__DUPLICATE_METHOD_MATCH = YES;
				"CODE_SIGN_IDENTITY[sdk=iphoneos*]" = "iPhone Developer";
				COPY_PHASE_STRIP = NO;
				ENABLE_STRICT_OBJC_MSGSEND = YES;
				GCC_C_LANGUAGE_STANDARD = gnu99;
				GCC_DYNAMIC_NO_PIC = NO;
				GCC_OPTIMIZATION_LEVEL = 0;
				GCC_PREPROCESSOR_DEFINITIONS = (
					"DEBUG=1",
					"$(inherited)",
				);
				GCC_SYMBOLS_PRIVATE_EXTERN = NO;
				GCC_WARN_64_TO_32_BIT_CONVERSION = YES;
				GCC_WARN_ABOUT_RETURN_TYPE = YES_ERROR;
				GCC_WARN_UNDECLARED_SELECTOR = YES;
				GCC_WARN_UNINITIALIZED_AUTOS = YES_AGGRESSIVE;
				GCC_WARN_UNUSED_FUNCTION = YES;
				GCC_WARN_UNUSED_VARIABLE = YES;
				IPHONEOS_DEPLOYMENT_TARGET = 8.1;
				MTL_ENABLE_DEBUG_INFO = YES;
				ONLY_ACTIVE_ARCH = YES;
				SDKROOT = iphoneos;
				SWIFT_OPTIMIZATION_LEVEL = "-Onone";
			};
			name = Debug;
		};
		A6F9512C1A7080840067D3BA /* Release */ = {
			isa = XCBuildConfiguration;
			buildSettings = {
				ALWAYS_SEARCH_USER_PATHS = NO;
				CLANG_CXX_LANGUAGE_STANDARD = "gnu++0x";
				CLANG_CXX_LIBRARY = "libc++";
				CLANG_ENABLE_MODULES = YES;
				CLANG_ENABLE_OBJC_ARC = YES;
				CLANG_WARN_BOOL_CONVERSION = YES;
				CLANG_WARN_CONSTANT_CONVERSION = YES;
				CLANG_WARN_DIRECT_OBJC_ISA_USAGE = YES_ERROR;
				CLANG_WARN_EMPTY_BODY = YES;
				CLANG_WARN_ENUM_CONVERSION = YES;
				CLANG_WARN_INT_CONVERSION = YES;
				CLANG_WARN_OBJC_ROOT_CLASS = YES_ERROR;
				CLANG_WARN_UNREACHABLE_CODE = YES;
				CLANG_WARN__DUPLICATE_METHOD_MATCH = YES;
				"CODE_SIGN_IDENTITY[sdk=iphoneos*]" = "iPhone Developer";
				COPY_PHASE_STRIP = YES;
				ENABLE_NS_ASSERTIONS = NO;
				ENABLE_STRICT_OBJC_MSGSEND = YES;
				GCC_C_LANGUAGE_STANDARD = gnu99;
				GCC_WARN_64_TO_32_BIT_CONVERSION = YES;
				GCC_WARN_ABOUT_RETURN_TYPE = YES_ERROR;
				GCC_WARN_UNDECLARED_SELECTOR = YES;
				GCC_WARN_UNINITIALIZED_AUTOS = YES_AGGRESSIVE;
				GCC_WARN_UNUSED_FUNCTION = YES;
				GCC_WARN_UNUSED_VARIABLE = YES;
				IPHONEOS_DEPLOYMENT_TARGET = 8.1;
				MTL_ENABLE_DEBUG_INFO = NO;
				SDKROOT = iphoneos;
				VALIDATE_PRODUCT = YES;
			};
			name = Release;
		};
		A6F9512E1A7080840067D3BA /* Debug */ = {
			isa = XCBuildConfiguration;
			buildSettings = {
				ASSETCATALOG_COMPILER_APPICON_NAME = AppIcon;
				CLANG_ENABLE_MODULES = YES;
				INFOPLIST_FILE = todo/Info.plist;
				LD_RUNPATH_SEARCH_PATHS = "$(inherited) @executable_path/Frameworks";
				PRODUCT_NAME = FleshedOutTodos;
				SWIFT_OBJC_BRIDGING_HEADER = "todo/todo-Bridging-Header.h";
				SWIFT_OPTIMIZATION_LEVEL = "-Onone";
			};
			name = Debug;
		};
		A6F9512F1A7080840067D3BA /* Release */ = {
			isa = XCBuildConfiguration;
			buildSettings = {
				ASSETCATALOG_COMPILER_APPICON_NAME = AppIcon;
				CLANG_ENABLE_MODULES = YES;
				INFOPLIST_FILE = todo/Info.plist;
				LD_RUNPATH_SEARCH_PATHS = "$(inherited) @executable_path/Frameworks";
				PRODUCT_NAME = FleshedOutTodos;
				SWIFT_OBJC_BRIDGING_HEADER = "todo/todo-Bridging-Header.h";
			};
			name = Release;
		};
		A6F951311A7080840067D3BA /* Debug */ = {
			isa = XCBuildConfiguration;
			buildSettings = {
				BUNDLE_LOADER = "$(TEST_HOST)";
				FRAMEWORK_SEARCH_PATHS = (
					"$(SDKROOT)/Developer/Library/Frameworks",
					"$(inherited)",
				);
				GCC_PREPROCESSOR_DEFINITIONS = (
					"DEBUG=1",
					"$(inherited)",
				);
				INFOPLIST_FILE = todoTests/Info.plist;
				LD_RUNPATH_SEARCH_PATHS = "$(inherited) @executable_path/Frameworks @loader_path/Frameworks";
				PRODUCT_NAME = FleshedOutTodosTests;
				TEST_HOST = "$(BUILT_PRODUCTS_DIR)/todo.app/todo";
			};
			name = Debug;
		};
		A6F951321A7080840067D3BA /* Release */ = {
			isa = XCBuildConfiguration;
			buildSettings = {
				BUNDLE_LOADER = "$(TEST_HOST)";
				FRAMEWORK_SEARCH_PATHS = (
					"$(SDKROOT)/Developer/Library/Frameworks",
					"$(inherited)",
				);
				INFOPLIST_FILE = todoTests/Info.plist;
				LD_RUNPATH_SEARCH_PATHS = "$(inherited) @executable_path/Frameworks @loader_path/Frameworks";
				PRODUCT_NAME = FleshedOutTodosTests;
				TEST_HOST = "$(BUILT_PRODUCTS_DIR)/todo.app/todo";
			};
			name = Release;
		};
/* End XCBuildConfiguration section */

/* Begin XCConfigurationList section */
		A6F951091A7080840067D3BA /* Build configuration list for PBXProject "FleshedOutTodos" */ = {
			isa = XCConfigurationList;
			buildConfigurations = (
				A6F9512B1A7080840067D3BA /* Debug */,
				A6F9512C1A7080840067D3BA /* Release */,
			);
			defaultConfigurationIsVisible = 0;
			defaultConfigurationName = Release;
		};
		A6F9512D1A7080840067D3BA /* Build configuration list for PBXNativeTarget "FleshedOutTodos" */ = {
			isa = XCConfigurationList;
			buildConfigurations = (
				A6F9512E1A7080840067D3BA /* Debug */,
				A6F9512F1A7080840067D3BA /* Release */,
			);
			defaultConfigurationIsVisible = 0;
			defaultConfigurationName = Release;
		};
		A6F951301A7080840067D3BA /* Build configuration list for PBXNativeTarget "FleshedOutTodosTests" */ = {
			isa = XCConfigurationList;
			buildConfigurations = (
				A6F951311A7080840067D3BA /* Debug */,
				A6F951321A7080840067D3BA /* Release */,
			);
			defaultConfigurationIsVisible = 0;
			defaultConfigurationName = Release;
		};
/* End XCConfigurationList section */
	};
	rootObject = A6F951061A7080840067D3BA /* Project object */;
}
