// !$*UTF8*$!
{
	archiveVersion = 1;
	classes = {
	};
	objectVersion = 46;
	objects = {

/* Begin PBXBuildFile section */
		A6A523531A82E8F800AA1511 /* AppDelegate.swift in Sources */ = {isa = PBXBuildFile; fileRef = A6A523521A82E8F800AA1511 /* AppDelegate.swift */; };
		A6A523551A82E8F800AA1511 /* ViewController.swift in Sources */ = {isa = PBXBuildFile; fileRef = A6A523541A82E8F800AA1511 /* ViewController.swift */; };
		A6A523581A82E8F800AA1511 /* Main.storyboard in Resources */ = {isa = PBXBuildFile; fileRef = A6A523561A82E8F800AA1511 /* Main.storyboard */; };
		A6A5235A1A82E8F800AA1511 /* Images.xcassets in Resources */ = {isa = PBXBuildFile; fileRef = A6A523591A82E8F800AA1511 /* Images.xcassets */; };
		A6A5235D1A82E8F800AA1511 /* LaunchScreen.xib in Resources */ = {isa = PBXBuildFile; fileRef = A6A5235B1A82E8F800AA1511 /* LaunchScreen.xib */; };
		A6A523691A82E8F800AA1511 /* smileTests.swift in Sources */ = {isa = PBXBuildFile; fileRef = A6A523681A82E8F800AA1511 /* smileTests.swift */; };
/* End PBXBuildFile section */

/* Begin PBXContainerItemProxy section */
		A6A523631A82E8F800AA1511 /* PBXContainerItemProxy */ = {
			isa = PBXContainerItemProxy;
			containerPortal = A6A523451A82E8F800AA1511 /* Project object */;
			proxyType = 1;
			remoteGlobalIDString = A6A5234C1A82E8F800AA1511;
			remoteInfo = smile;
		};
/* End PBXContainerItemProxy section */

/* Begin PBXFileReference section */
		A6A5234D1A82E8F800AA1511 /* smile.app */ = {isa = PBXFileReference; explicitFileType = wrapper.application; includeInIndex = 0; path = smile.app; sourceTree = BUILT_PRODUCTS_DIR; };
		A6A523511A82E8F800AA1511 /* Info.plist */ = {isa = PBXFileReference; lastKnownFileType = text.plist.xml; path = Info.plist; sourceTree = "<group>"; };
		A6A523521A82E8F800AA1511 /* AppDelegate.swift */ = {isa = PBXFileReference; lastKnownFileType = sourcecode.swift; path = AppDelegate.swift; sourceTree = "<group>"; };
		A6A523541A82E8F800AA1511 /* ViewController.swift */ = {isa = PBXFileReference; lastKnownFileType = sourcecode.swift; path = ViewController.swift; sourceTree = "<group>"; };
		A6A523571A82E8F800AA1511 /* Base */ = {isa = PBXFileReference; lastKnownFileType = file.storyboard; name = Base; path = Base.lproj/Main.storyboard; sourceTree = "<group>"; };
		A6A523591A82E8F800AA1511 /* Images.xcassets */ = {isa = PBXFileReference; lastKnownFileType = folder.assetcatalog; path = Images.xcassets; sourceTree = "<group>"; };
		A6A5235C1A82E8F800AA1511 /* Base */ = {isa = PBXFileReference; lastKnownFileType = file.xib; name = Base; path = Base.lproj/LaunchScreen.xib; sourceTree = "<group>"; };
		A6A523621A82E8F800AA1511 /* smileTests.xctest */ = {isa = PBXFileReference; explicitFileType = wrapper.cfbundle; includeInIndex = 0; path = smileTests.xctest; sourceTree = BUILT_PRODUCTS_DIR; };
		A6A523671A82E8F800AA1511 /* Info.plist */ = {isa = PBXFileReference; lastKnownFileType = text.plist.xml; path = Info.plist; sourceTree = "<group>"; };
		A6A523681A82E8F800AA1511 /* smileTests.swift */ = {isa = PBXFileReference; lastKnownFileType = sourcecode.swift; path = smileTests.swift; sourceTree = "<group>"; };
/* End PBXFileReference section */

/* Begin PBXFrameworksBuildPhase section */
		A6A5234A1A82E8F800AA1511 /* Frameworks */ = {
			isa = PBXFrameworksBuildPhase;
			buildActionMask = 2147483647;
			files = (
			);
			runOnlyForDeploymentPostprocessing = 0;
		};
		A6A5235F1A82E8F800AA1511 /* Frameworks */ = {
			isa = PBXFrameworksBuildPhase;
			buildActionMask = 2147483647;
			files = (
			);
			runOnlyForDeploymentPostprocessing = 0;
		};
/* End PBXFrameworksBuildPhase section */

/* Begin PBXGroup section */
		A6A523441A82E8F800AA1511 = {
			isa = PBXGroup;
			children = (
				A6A5234F1A82E8F800AA1511 /* smile */,
				A6A523651A82E8F800AA1511 /* smileTests */,
				A6A5234E1A82E8F800AA1511 /* Products */,
			);
			sourceTree = "<group>";
		};
		A6A5234E1A82E8F800AA1511 /* Products */ = {
			isa = PBXGroup;
			children = (
				A6A5234D1A82E8F800AA1511 /* smile.app */,
				A6A523621A82E8F800AA1511 /* smileTests.xctest */,
			);
			name = Products;
			sourceTree = "<group>";
		};
		A6A5234F1A82E8F800AA1511 /* smile */ = {
			isa = PBXGroup;
			children = (
				A6A523521A82E8F800AA1511 /* AppDelegate.swift */,
				A6A523541A82E8F800AA1511 /* ViewController.swift */,
				A6A523561A82E8F800AA1511 /* Main.storyboard */,
				A6A523591A82E8F800AA1511 /* Images.xcassets */,
				A6A5235B1A82E8F800AA1511 /* LaunchScreen.xib */,
				A6A523501A82E8F800AA1511 /* Supporting Files */,
			);
			path = smile;
			sourceTree = "<group>";
		};
		A6A523501A82E8F800AA1511 /* Supporting Files */ = {
			isa = PBXGroup;
			children = (
				A6A523511A82E8F800AA1511 /* Info.plist */,
			);
			name = "Supporting Files";
			sourceTree = "<group>";
		};
		A6A523651A82E8F800AA1511 /* smileTests */ = {
			isa = PBXGroup;
			children = (
				A6A523681A82E8F800AA1511 /* smileTests.swift */,
				A6A523661A82E8F800AA1511 /* Supporting Files */,
			);
			path = smileTests;
			sourceTree = "<group>";
		};
		A6A523661A82E8F800AA1511 /* Supporting Files */ = {
			isa = PBXGroup;
			children = (
				A6A523671A82E8F800AA1511 /* Info.plist */,
			);
			name = "Supporting Files";
			sourceTree = "<group>";
		};
/* End PBXGroup section */

/* Begin PBXNativeTarget section */
		A6A5234C1A82E8F800AA1511 /* smile */ = {
			isa = PBXNativeTarget;
			buildConfigurationList = A6A5236C1A82E8F800AA1511 /* Build configuration list for PBXNativeTarget "smile" */;
			buildPhases = (
				A6A523491A82E8F800AA1511 /* Sources */,
				A6A5234A1A82E8F800AA1511 /* Frameworks */,
				A6A5234B1A82E8F800AA1511 /* Resources */,
			);
			buildRules = (
			);
			dependencies = (
			);
			name = smile;
			productName = smile;
			productReference = A6A5234D1A82E8F800AA1511 /* smile.app */;
			productType = "com.apple.product-type.application";
		};
		A6A523611A82E8F800AA1511 /* smileTests */ = {
			isa = PBXNativeTarget;
			buildConfigurationList = A6A5236F1A82E8F800AA1511 /* Build configuration list for PBXNativeTarget "smileTests" */;
			buildPhases = (
				A6A5235E1A82E8F800AA1511 /* Sources */,
				A6A5235F1A82E8F800AA1511 /* Frameworks */,
				A6A523601A82E8F800AA1511 /* Resources */,
			);
			buildRules = (
			);
			dependencies = (
				A6A523641A82E8F800AA1511 /* PBXTargetDependency */,
			);
			name = smileTests;
			productName = smileTests;
			productReference = A6A523621A82E8F800AA1511 /* smileTests.xctest */;
			productType = "com.apple.product-type.bundle.unit-test";
		};
/* End PBXNativeTarget section */

/* Begin PBXProject section */
		A6A523451A82E8F800AA1511 /* Project object */ = {
			isa = PBXProject;
			attributes = {
				LastUpgradeCheck = 0610;
				ORGANIZATIONNAME = "Jeffrey Lee";
				TargetAttributes = {
					A6A5234C1A82E8F800AA1511 = {
						CreatedOnToolsVersion = 6.1.1;
					};
					A6A523611A82E8F800AA1511 = {
						CreatedOnToolsVersion = 6.1.1;
						TestTargetID = A6A5234C1A82E8F800AA1511;
					};
				};
			};
			buildConfigurationList = A6A523481A82E8F800AA1511 /* Build configuration list for PBXProject "smile" */;
			compatibilityVersion = "Xcode 3.2";
			developmentRegion = English;
			hasScannedForEncodings = 0;
			knownRegions = (
				en,
				Base,
			);
			mainGroup = A6A523441A82E8F800AA1511;
			productRefGroup = A6A5234E1A82E8F800AA1511 /* Products */;
			projectDirPath = "";
			projectRoot = "";
			targets = (
				A6A5234C1A82E8F800AA1511 /* smile */,
				A6A523611A82E8F800AA1511 /* smileTests */,
			);
		};
/* End PBXProject section */

/* Begin PBXResourcesBuildPhase section */
		A6A5234B1A82E8F800AA1511 /* Resources */ = {
			isa = PBXResourcesBuildPhase;
			buildActionMask = 2147483647;
			files = (
				A6A523581A82E8F800AA1511 /* Main.storyboard in Resources */,
				A6A5235D1A82E8F800AA1511 /* LaunchScreen.xib in Resources */,
				A6A5235A1A82E8F800AA1511 /* Images.xcassets in Resources */,
			);
			runOnlyForDeploymentPostprocessing = 0;
		};
		A6A523601A82E8F800AA1511 /* Resources */ = {
			isa = PBXResourcesBuildPhase;
			buildActionMask = 2147483647;
			files = (
			);
			runOnlyForDeploymentPostprocessing = 0;
		};
/* End PBXResourcesBuildPhase section */

/* Begin PBXSourcesBuildPhase section */
		A6A523491A82E8F800AA1511 /* Sources */ = {
			isa = PBXSourcesBuildPhase;
			buildActionMask = 2147483647;
			files = (
				A6A523551A82E8F800AA1511 /* ViewController.swift in Sources */,
				A6A523531A82E8F800AA1511 /* AppDelegate.swift in Sources */,
			);
			runOnlyForDeploymentPostprocessing = 0;
		};
		A6A5235E1A82E8F800AA1511 /* Sources */ = {
			isa = PBXSourcesBuildPhase;
			buildActionMask = 2147483647;
			files = (
				A6A523691A82E8F800AA1511 /* smileTests.swift in Sources */,
			);
			runOnlyForDeploymentPostprocessing = 0;
		};
/* End PBXSourcesBuildPhase section */

/* Begin PBXTargetDependency section */
		A6A523641A82E8F800AA1511 /* PBXTargetDependency */ = {
			isa = PBXTargetDependency;
			target = A6A5234C1A82E8F800AA1511 /* smile */;
			targetProxy = A6A523631A82E8F800AA1511 /* PBXContainerItemProxy */;
		};
/* End PBXTargetDependency section */

/* Begin PBXVariantGroup section */
		A6A523561A82E8F800AA1511 /* Main.storyboard */ = {
			isa = PBXVariantGroup;
			children = (
				A6A523571A82E8F800AA1511 /* Base */,
			);
			name = Main.storyboard;
			sourceTree = "<group>";
		};
		A6A5235B1A82E8F800AA1511 /* LaunchScreen.xib */ = {
			isa = PBXVariantGroup;
			children = (
				A6A5235C1A82E8F800AA1511 /* Base */,
			);
			name = LaunchScreen.xib;
			sourceTree = "<group>";
		};
/* End PBXVariantGroup section */

/* Begin XCBuildConfiguration section */
		A6A5236A1A82E8F800AA1511 /* Debug */ = {
			isa = XCBuildConfiguration;
			buildSettings = {
				ALWAYS_SEARCH_USER_PATHS = NO;
				CLANG_CXX_LANGUAGE_STANDARD = "gnu++0x";
				CLANG_CXX_LIBRARY = "libc++";
				CLANG_ENABLE_MODULES = YES;
				CLANG_ENABLE_OBJC_ARC = YES;
				CLANG_WARN_BOOL_CONVERSION = YES;
				CLANG_WARN_CONSTANT_CONVERSION = YES;
				CLANG_WARN_DIRECT_OBJC_ISA_USAGE = YES_ERROR;
				CLANG_WARN_EMPTY_BODY = YES;
				CLANG_WARN_ENUM_CONVERSION = YES;
				CLANG_WARN_INT_CONVERSION = YES;
				CLANG_WARN_OBJC_ROOT_CLASS = YES_ERROR;
				CLANG_WARN_UNREACHABLE_CODE = YES;
				CLANG_WARN__DUPLICATE_METHOD_MATCH = YES;
				"CODE_SIGN_IDENTITY[sdk=iphoneos*]" = "iPhone Developer";
				COPY_PHASE_STRIP = NO;
				ENABLE_STRICT_OBJC_MSGSEND = YES;
				GCC_C_LANGUAGE_STANDARD = gnu99;
				GCC_DYNAMIC_NO_PIC = NO;
				GCC_OPTIMIZATION_LEVEL = 0;
				GCC_PREPROCESSOR_DEFINITIONS = (
					"DEBUG=1",
					"$(inherited)",
				);
				GCC_SYMBOLS_PRIVATE_EXTERN = NO;
				GCC_WARN_64_TO_32_BIT_CONVERSION = YES;
				GCC_WARN_ABOUT_RETURN_TYPE = YES_ERROR;
				GCC_WARN_UNDECLARED_SELECTOR = YES;
				GCC_WARN_UNINITIALIZED_AUTOS = YES_AGGRESSIVE;
				GCC_WARN_UNUSED_FUNCTION = YES;
				GCC_WARN_UNUSED_VARIABLE = YES;
				IPHONEOS_DEPLOYMENT_TARGET = 8.1;
				MTL_ENABLE_DEBUG_INFO = YES;
				ONLY_ACTIVE_ARCH = YES;
				SDKROOT = iphoneos;
				SWIFT_OPTIMIZATION_LEVEL = "-Onone";
			};
			name = Debug;
		};
		A6A5236B1A82E8F800AA1511 /* Release */ = {
			isa = XCBuildConfiguration;
			buildSettings = {
				ALWAYS_SEARCH_USER_PATHS = NO;
				CLANG_CXX_LANGUAGE_STANDARD = "gnu++0x";
				CLANG_CXX_LIBRARY = "libc++";
				CLANG_ENABLE_MODULES = YES;
				CLANG_ENABLE_OBJC_ARC = YES;
				CLANG_WARN_BOOL_CONVERSION = YES;
				CLANG_WARN_CONSTANT_CONVERSION = YES;
				CLANG_WARN_DIRECT_OBJC_ISA_USAGE = YES_ERROR;
				CLANG_WARN_EMPTY_BODY = YES;
				CLANG_WARN_ENUM_CONVERSION = YES;
				CLANG_WARN_INT_CONVERSION = YES;
				CLANG_WARN_OBJC_ROOT_CLASS = YES_ERROR;
				CLANG_WARN_UNREACHABLE_CODE = YES;
				CLANG_WARN__DUPLICATE_METHOD_MATCH = YES;
				"CODE_SIGN_IDENTITY[sdk=iphoneos*]" = "iPhone Developer";
				COPY_PHASE_STRIP = YES;
				ENABLE_NS_ASSERTIONS = NO;
				ENABLE_STRICT_OBJC_MSGSEND = YES;
				GCC_C_LANGUAGE_STANDARD = gnu99;
				GCC_WARN_64_TO_32_BIT_CONVERSION = YES;
				GCC_WARN_ABOUT_RETURN_TYPE = YES_ERROR;
				GCC_WARN_UNDECLARED_SELECTOR = YES;
				GCC_WARN_UNINITIALIZED_AUTOS = YES_AGGRESSIVE;
				GCC_WARN_UNUSED_FUNCTION = YES;
				GCC_WARN_UNUSED_VARIABLE = YES;
				IPHONEOS_DEPLOYMENT_TARGET = 8.1;
				MTL_ENABLE_DEBUG_INFO = NO;
				SDKROOT = iphoneos;
				VALIDATE_PRODUCT = YES;
			};
			name = Release;
		};
		A6A5236D1A82E8F800AA1511 /* Debug */ = {
			isa = XCBuildConfiguration;
			buildSettings = {
				ASSETCATALOG_COMPILER_APPICON_NAME = AppIcon;
				INFOPLIST_FILE = smile/Info.plist;
				LD_RUNPATH_SEARCH_PATHS = "$(inherited) @executable_path/Frameworks";
				PRODUCT_NAME = "$(TARGET_NAME)";
			};
			name = Debug;
		};
		A6A5236E1A82E8F800AA1511 /* Release */ = {
			isa = XCBuildConfiguration;
			buildSettings = {
				ASSETCATALOG_COMPILER_APPICON_NAME = AppIcon;
				INFOPLIST_FILE = smile/Info.plist;
				LD_RUNPATH_SEARCH_PATHS = "$(inherited) @executable_path/Frameworks";
				PRODUCT_NAME = "$(TARGET_NAME)";
			};
			name = Release;
		};
		A6A523701A82E8F800AA1511 /* Debug */ = {
			isa = XCBuildConfiguration;
			buildSettings = {
				BUNDLE_LOADER = "$(TEST_HOST)";
				FRAMEWORK_SEARCH_PATHS = (
					"$(SDKROOT)/Developer/Library/Frameworks",
					"$(inherited)",
				);
				GCC_PREPROCESSOR_DEFINITIONS = (
					"DEBUG=1",
					"$(inherited)",
				);
				INFOPLIST_FILE = smileTests/Info.plist;
				LD_RUNPATH_SEARCH_PATHS = "$(inherited) @executable_path/Frameworks @loader_path/Frameworks";
				PRODUCT_NAME = "$(TARGET_NAME)";
				TEST_HOST = "$(BUILT_PRODUCTS_DIR)/smile.app/smile";
			};
			name = Debug;
		};
		A6A523711A82E8F800AA1511 /* Release */ = {
			isa = XCBuildConfiguration;
			buildSettings = {
				BUNDLE_LOADER = "$(TEST_HOST)";
				FRAMEWORK_SEARCH_PATHS = (
					"$(SDKROOT)/Developer/Library/Frameworks",
					"$(inherited)",
				);
				INFOPLIST_FILE = smileTests/Info.plist;
				LD_RUNPATH_SEARCH_PATHS = "$(inherited) @executable_path/Frameworks @loader_path/Frameworks";
				PRODUCT_NAME = "$(TARGET_NAME)";
				TEST_HOST = "$(BUILT_PRODUCTS_DIR)/smile.app/smile";
			};
			name = Release;
		};
/* End XCBuildConfiguration section */

/* Begin XCConfigurationList section */
		A6A523481A82E8F800AA1511 /* Build configuration list for PBXProject "smile" */ = {
			isa = XCConfigurationList;
			buildConfigurations = (
				A6A5236A1A82E8F800AA1511 /* Debug */,
				A6A5236B1A82E8F800AA1511 /* Release */,
			);
			defaultConfigurationIsVisible = 0;
			defaultConfigurationName = Release;
		};
		A6A5236C1A82E8F800AA1511 /* Build configuration list for PBXNativeTarget "smile" */ = {
			isa = XCConfigurationList;
			buildConfigurations = (
				A6A5236D1A82E8F800AA1511 /* Debug */,
				A6A5236E1A82E8F800AA1511 /* Release */,
			);
			defaultConfigurationIsVisible = 0;
		};
		A6A5236F1A82E8F800AA1511 /* Build configuration list for PBXNativeTarget "smileTests" */ = {
			isa = XCConfigurationList;
			buildConfigurations = (
				A6A523701A82E8F800AA1511 /* Debug */,
				A6A523711A82E8F800AA1511 /* Release */,
			);
			defaultConfigurationIsVisible = 0;
		};
/* End XCConfigurationList section */
	};
	rootObject = A6A523451A82E8F800AA1511 /* Project object */;
}
