// !$*UTF8*$!
{
	archiveVersion = 1;
	classes = {
	};
	objectVersion = 46;
	objects = {

/* Begin PBXBuildFile section */
		A6A394C51A673F2000D4E6A1 /* AppDelegate.swift in Sources */ = {isa = PBXBuildFile; fileRef = A6A394C41A673F2000D4E6A1 /* AppDelegate.swift */; };
		A6A394C71A673F2000D4E6A1 /* ViewController.swift in Sources */ = {isa = PBXBuildFile; fileRef = A6A394C61A673F2000D4E6A1 /* ViewController.swift */; };
		A6A394CA1A673F2000D4E6A1 /* Main.storyboard in Resources */ = {isa = PBXBuildFile; fileRef = A6A394C81A673F2000D4E6A1 /* Main.storyboard */; };
		A6A394CC1A673F2000D4E6A1 /* Images.xcassets in Resources */ = {isa = PBXBuildFile; fileRef = A6A394CB1A673F2000D4E6A1 /* Images.xcassets */; };
		A6A394CF1A673F2000D4E6A1 /* LaunchScreen.xib in Resources */ = {isa = PBXBuildFile; fileRef = A6A394CD1A673F2000D4E6A1 /* LaunchScreen.xib */; };
		A6A394DB1A673F2000D4E6A1 /* FightClubTests.swift in Sources */ = {isa = PBXBuildFile; fileRef = A6A394DA1A673F2000D4E6A1 /* FightClubTests.swift */; };
/* End PBXBuildFile section */

/* Begin PBXContainerItemProxy section */
		A6A394D51A673F2000D4E6A1 /* PBXContainerItemProxy */ = {
			isa = PBXContainerItemProxy;
			containerPortal = A6A394B71A673F2000D4E6A1 /* Project object */;
			proxyType = 1;
			remoteGlobalIDString = A6A394BE1A673F2000D4E6A1;
			remoteInfo = FightClub;
		};
/* End PBXContainerItemProxy section */

/* Begin PBXFileReference section */
		A6A394BF1A673F2000D4E6A1 /* FightClub.app */ = {isa = PBXFileReference; explicitFileType = wrapper.application; includeInIndex = 0; path = FightClub.app; sourceTree = BUILT_PRODUCTS_DIR; };
		A6A394C31A673F2000D4E6A1 /* Info.plist */ = {isa = PBXFileReference; lastKnownFileType = text.plist.xml; path = Info.plist; sourceTree = "<group>"; };
		A6A394C41A673F2000D4E6A1 /* AppDelegate.swift */ = {isa = PBXFileReference; lastKnownFileType = sourcecode.swift; path = AppDelegate.swift; sourceTree = "<group>"; };
		A6A394C61A673F2000D4E6A1 /* ViewController.swift */ = {isa = PBXFileReference; lastKnownFileType = sourcecode.swift; path = ViewController.swift; sourceTree = "<group>"; };
		A6A394C91A673F2000D4E6A1 /* Base */ = {isa = PBXFileReference; lastKnownFileType = file.storyboard; name = Base; path = Base.lproj/Main.storyboard; sourceTree = "<group>"; };
		A6A394CB1A673F2000D4E6A1 /* Images.xcassets */ = {isa = PBXFileReference; lastKnownFileType = folder.assetcatalog; path = Images.xcassets; sourceTree = "<group>"; };
		A6A394CE1A673F2000D4E6A1 /* Base */ = {isa = PBXFileReference; lastKnownFileType = file.xib; name = Base; path = Base.lproj/LaunchScreen.xib; sourceTree = "<group>"; };
		A6A394D41A673F2000D4E6A1 /* FightClubTests.xctest */ = {isa = PBXFileReference; explicitFileType = wrapper.cfbundle; includeInIndex = 0; path = FightClubTests.xctest; sourceTree = BUILT_PRODUCTS_DIR; };
		A6A394D91A673F2000D4E6A1 /* Info.plist */ = {isa = PBXFileReference; lastKnownFileType = text.plist.xml; path = Info.plist; sourceTree = "<group>"; };
		A6A394DA1A673F2000D4E6A1 /* FightClubTests.swift */ = {isa = PBXFileReference; lastKnownFileType = sourcecode.swift; path = FightClubTests.swift; sourceTree = "<group>"; };
/* End PBXFileReference section */

/* Begin PBXFrameworksBuildPhase section */
		A6A394BC1A673F2000D4E6A1 /* Frameworks */ = {
			isa = PBXFrameworksBuildPhase;
			buildActionMask = 2147483647;
			files = (
			);
			runOnlyForDeploymentPostprocessing = 0;
		};
		A6A394D11A673F2000D4E6A1 /* Frameworks */ = {
			isa = PBXFrameworksBuildPhase;
			buildActionMask = 2147483647;
			files = (
			);
			runOnlyForDeploymentPostprocessing = 0;
		};
/* End PBXFrameworksBuildPhase section */

/* Begin PBXGroup section */
		A6A394B61A673F2000D4E6A1 = {
			isa = PBXGroup;
			children = (
				A6A394C11A673F2000D4E6A1 /* FightClub */,
				A6A394D71A673F2000D4E6A1 /* FightClubTests */,
				A6A394C01A673F2000D4E6A1 /* Products */,
			);
			sourceTree = "<group>";
		};
		A6A394C01A673F2000D4E6A1 /* Products */ = {
			isa = PBXGroup;
			children = (
				A6A394BF1A673F2000D4E6A1 /* FightClub.app */,
				A6A394D41A673F2000D4E6A1 /* FightClubTests.xctest */,
			);
			name = Products;
			sourceTree = "<group>";
		};
		A6A394C11A673F2000D4E6A1 /* FightClub */ = {
			isa = PBXGroup;
			children = (
				A6A394C41A673F2000D4E6A1 /* AppDelegate.swift */,
				A6A394C61A673F2000D4E6A1 /* ViewController.swift */,
				A6A394C81A673F2000D4E6A1 /* Main.storyboard */,
				A6A394CB1A673F2000D4E6A1 /* Images.xcassets */,
				A6A394CD1A673F2000D4E6A1 /* LaunchScreen.xib */,
				A6A394C21A673F2000D4E6A1 /* Supporting Files */,
			);
			path = FightClub;
			sourceTree = "<group>";
		};
		A6A394C21A673F2000D4E6A1 /* Supporting Files */ = {
			isa = PBXGroup;
			children = (
				A6A394C31A673F2000D4E6A1 /* Info.plist */,
			);
			name = "Supporting Files";
			sourceTree = "<group>";
		};
		A6A394D71A673F2000D4E6A1 /* FightClubTests */ = {
			isa = PBXGroup;
			children = (
				A6A394DA1A673F2000D4E6A1 /* FightClubTests.swift */,
				A6A394D81A673F2000D4E6A1 /* Supporting Files */,
			);
			path = FightClubTests;
			sourceTree = "<group>";
		};
		A6A394D81A673F2000D4E6A1 /* Supporting Files */ = {
			isa = PBXGroup;
			children = (
				A6A394D91A673F2000D4E6A1 /* Info.plist */,
			);
			name = "Supporting Files";
			sourceTree = "<group>";
		};
/* End PBXGroup section */

/* Begin PBXNativeTarget section */
		A6A394BE1A673F2000D4E6A1 /* FightClub */ = {
			isa = PBXNativeTarget;
			buildConfigurationList = A6A394DE1A673F2000D4E6A1 /* Build configuration list for PBXNativeTarget "FightClub" */;
			buildPhases = (
				A6A394BB1A673F2000D4E6A1 /* Sources */,
				A6A394BC1A673F2000D4E6A1 /* Frameworks */,
				A6A394BD1A673F2000D4E6A1 /* Resources */,
			);
			buildRules = (
			);
			dependencies = (
			);
			name = FightClub;
			productName = FightClub;
			productReference = A6A394BF1A673F2000D4E6A1 /* FightClub.app */;
			productType = "com.apple.product-type.application";
		};
		A6A394D31A673F2000D4E6A1 /* FightClubTests */ = {
			isa = PBXNativeTarget;
			buildConfigurationList = A6A394E11A673F2000D4E6A1 /* Build configuration list for PBXNativeTarget "FightClubTests" */;
			buildPhases = (
				A6A394D01A673F2000D4E6A1 /* Sources */,
				A6A394D11A673F2000D4E6A1 /* Frameworks */,
				A6A394D21A673F2000D4E6A1 /* Resources */,
			);
			buildRules = (
			);
			dependencies = (
				A6A394D61A673F2000D4E6A1 /* PBXTargetDependency */,
			);
			name = FightClubTests;
			productName = FightClubTests;
			productReference = A6A394D41A673F2000D4E6A1 /* FightClubTests.xctest */;
			productType = "com.apple.product-type.bundle.unit-test";
		};
/* End PBXNativeTarget section */

/* Begin PBXProject section */
		A6A394B71A673F2000D4E6A1 /* Project object */ = {
			isa = PBXProject;
			attributes = {
				LastUpgradeCheck = 0610;
				ORGANIZATIONNAME = "Jeffrey Lee";
				TargetAttributes = {
					A6A394BE1A673F2000D4E6A1 = {
						CreatedOnToolsVersion = 6.1.1;
					};
					A6A394D31A673F2000D4E6A1 = {
						CreatedOnToolsVersion = 6.1.1;
						TestTargetID = A6A394BE1A673F2000D4E6A1;
					};
				};
			};
			buildConfigurationList = A6A394BA1A673F2000D4E6A1 /* Build configuration list for PBXProject "FightClub" */;
			compatibilityVersion = "Xcode 3.2";
			developmentRegion = English;
			hasScannedForEncodings = 0;
			knownRegions = (
				en,
				Base,
			);
			mainGroup = A6A394B61A673F2000D4E6A1;
			productRefGroup = A6A394C01A673F2000D4E6A1 /* Products */;
			projectDirPath = "";
			projectRoot = "";
			targets = (
				A6A394BE1A673F2000D4E6A1 /* FightClub */,
				A6A394D31A673F2000D4E6A1 /* FightClubTests */,
			);
		};
/* End PBXProject section */

/* Begin PBXResourcesBuildPhase section */
		A6A394BD1A673F2000D4E6A1 /* Resources */ = {
			isa = PBXResourcesBuildPhase;
			buildActionMask = 2147483647;
			files = (
				A6A394CA1A673F2000D4E6A1 /* Main.storyboard in Resources */,
				A6A394CF1A673F2000D4E6A1 /* LaunchScreen.xib in Resources */,
				A6A394CC1A673F2000D4E6A1 /* Images.xcassets in Resources */,
			);
			runOnlyForDeploymentPostprocessing = 0;
		};
		A6A394D21A673F2000D4E6A1 /* Resources */ = {
			isa = PBXResourcesBuildPhase;
			buildActionMask = 2147483647;
			files = (
			);
			runOnlyForDeploymentPostprocessing = 0;
		};
/* End PBXResourcesBuildPhase section */

/* Begin PBXSourcesBuildPhase section */
		A6A394BB1A673F2000D4E6A1 /* Sources */ = {
			isa = PBXSourcesBuildPhase;
			buildActionMask = 2147483647;
			files = (
				A6A394C71A673F2000D4E6A1 /* ViewController.swift in Sources */,
				A6A394C51A673F2000D4E6A1 /* AppDelegate.swift in Sources */,
			);
			runOnlyForDeploymentPostprocessing = 0;
		};
		A6A394D01A673F2000D4E6A1 /* Sources */ = {
			isa = PBXSourcesBuildPhase;
			buildActionMask = 2147483647;
			files = (
				A6A394DB1A673F2000D4E6A1 /* FightClubTests.swift in Sources */,
			);
			runOnlyForDeploymentPostprocessing = 0;
		};
/* End PBXSourcesBuildPhase section */

/* Begin PBXTargetDependency section */
		A6A394D61A673F2000D4E6A1 /* PBXTargetDependency */ = {
			isa = PBXTargetDependency;
			target = A6A394BE1A673F2000D4E6A1 /* FightClub */;
			targetProxy = A6A394D51A673F2000D4E6A1 /* PBXContainerItemProxy */;
		};
/* End PBXTargetDependency section */

/* Begin PBXVariantGroup section */
		A6A394C81A673F2000D4E6A1 /* Main.storyboard */ = {
			isa = PBXVariantGroup;
			children = (
				A6A394C91A673F2000D4E6A1 /* Base */,
			);
			name = Main.storyboard;
			sourceTree = "<group>";
		};
		A6A394CD1A673F2000D4E6A1 /* LaunchScreen.xib */ = {
			isa = PBXVariantGroup;
			children = (
				A6A394CE1A673F2000D4E6A1 /* Base */,
			);
			name = LaunchScreen.xib;
			sourceTree = "<group>";
		};
/* End PBXVariantGroup section */

/* Begin XCBuildConfiguration section */
		A6A394DC1A673F2000D4E6A1 /* Debug */ = {
			isa = XCBuildConfiguration;
			buildSettings = {
				ALWAYS_SEARCH_USER_PATHS = NO;
				CLANG_CXX_LANGUAGE_STANDARD = "gnu++0x";
				CLANG_CXX_LIBRARY = "libc++";
				CLANG_ENABLE_MODULES = YES;
				CLANG_ENABLE_OBJC_ARC = YES;
				CLANG_WARN_BOOL_CONVERSION = YES;
				CLANG_WARN_CONSTANT_CONVERSION = YES;
				CLANG_WARN_DIRECT_OBJC_ISA_USAGE = YES_ERROR;
				CLANG_WARN_EMPTY_BODY = YES;
				CLANG_WARN_ENUM_CONVERSION = YES;
				CLANG_WARN_INT_CONVERSION = YES;
				CLANG_WARN_OBJC_ROOT_CLASS = YES_ERROR;
				CLANG_WARN_UNREACHABLE_CODE = YES;
				CLANG_WARN__DUPLICATE_METHOD_MATCH = YES;
				"CODE_SIGN_IDENTITY[sdk=iphoneos*]" = "iPhone Developer";
				COPY_PHASE_STRIP = NO;
				ENABLE_STRICT_OBJC_MSGSEND = YES;
				GCC_C_LANGUAGE_STANDARD = gnu99;
				GCC_DYNAMIC_NO_PIC = NO;
				GCC_OPTIMIZATION_LEVEL = 0;
				GCC_PREPROCESSOR_DEFINITIONS = (
					"DEBUG=1",
					"$(inherited)",
				);
				GCC_SYMBOLS_PRIVATE_EXTERN = NO;
				GCC_WARN_64_TO_32_BIT_CONVERSION = YES;
				GCC_WARN_ABOUT_RETURN_TYPE = YES_ERROR;
				GCC_WARN_UNDECLARED_SELECTOR = YES;
				GCC_WARN_UNINITIALIZED_AUTOS = YES_AGGRESSIVE;
				GCC_WARN_UNUSED_FUNCTION = YES;
				GCC_WARN_UNUSED_VARIABLE = YES;
				IPHONEOS_DEPLOYMENT_TARGET = 8.1;
				MTL_ENABLE_DEBUG_INFO = YES;
				ONLY_ACTIVE_ARCH = YES;
				SDKROOT = iphoneos;
				SWIFT_OPTIMIZATION_LEVEL = "-Onone";
			};
			name = Debug;
		};
		A6A394DD1A673F2000D4E6A1 /* Release */ = {
			isa = XCBuildConfiguration;
			buildSettings = {
				ALWAYS_SEARCH_USER_PATHS = NO;
				CLANG_CXX_LANGUAGE_STANDARD = "gnu++0x";
				CLANG_CXX_LIBRARY = "libc++";
				CLANG_ENABLE_MODULES = YES;
				CLANG_ENABLE_OBJC_ARC = YES;
				CLANG_WARN_BOOL_CONVERSION = YES;
				CLANG_WARN_CONSTANT_CONVERSION = YES;
				CLANG_WARN_DIRECT_OBJC_ISA_USAGE = YES_ERROR;
				CLANG_WARN_EMPTY_BODY = YES;
				CLANG_WARN_ENUM_CONVERSION = YES;
				CLANG_WARN_INT_CONVERSION = YES;
				CLANG_WARN_OBJC_ROOT_CLASS = YES_ERROR;
				CLANG_WARN_UNREACHABLE_CODE = YES;
				CLANG_WARN__DUPLICATE_METHOD_MATCH = YES;
				"CODE_SIGN_IDENTITY[sdk=iphoneos*]" = "iPhone Developer";
				COPY_PHASE_STRIP = YES;
				ENABLE_NS_ASSERTIONS = NO;
				ENABLE_STRICT_OBJC_MSGSEND = YES;
				GCC_C_LANGUAGE_STANDARD = gnu99;
				GCC_WARN_64_TO_32_BIT_CONVERSION = YES;
				GCC_WARN_ABOUT_RETURN_TYPE = YES_ERROR;
				GCC_WARN_UNDECLARED_SELECTOR = YES;
				GCC_WARN_UNINITIALIZED_AUTOS = YES_AGGRESSIVE;
				GCC_WARN_UNUSED_FUNCTION = YES;
				GCC_WARN_UNUSED_VARIABLE = YES;
				IPHONEOS_DEPLOYMENT_TARGET = 8.1;
				MTL_ENABLE_DEBUG_INFO = NO;
				SDKROOT = iphoneos;
				VALIDATE_PRODUCT = YES;
			};
			name = Release;
		};
		A6A394DF1A673F2000D4E6A1 /* Debug */ = {
			isa = XCBuildConfiguration;
			buildSettings = {
				ASSETCATALOG_COMPILER_APPICON_NAME = AppIcon;
				INFOPLIST_FILE = FightClub/Info.plist;
				LD_RUNPATH_SEARCH_PATHS = "$(inherited) @executable_path/Frameworks";
				PRODUCT_NAME = "$(TARGET_NAME)";
			};
			name = Debug;
		};
		A6A394E01A673F2000D4E6A1 /* Release */ = {
			isa = XCBuildConfiguration;
			buildSettings = {
				ASSETCATALOG_COMPILER_APPICON_NAME = AppIcon;
				INFOPLIST_FILE = FightClub/Info.plist;
				LD_RUNPATH_SEARCH_PATHS = "$(inherited) @executable_path/Frameworks";
				PRODUCT_NAME = "$(TARGET_NAME)";
			};
			name = Release;
		};
		A6A394E21A673F2000D4E6A1 /* Debug */ = {
			isa = XCBuildConfiguration;
			buildSettings = {
				BUNDLE_LOADER = "$(TEST_HOST)";
				FRAMEWORK_SEARCH_PATHS = (
					"$(SDKROOT)/Developer/Library/Frameworks",
					"$(inherited)",
				);
				GCC_PREPROCESSOR_DEFINITIONS = (
					"DEBUG=1",
					"$(inherited)",
				);
				INFOPLIST_FILE = FightClubTests/Info.plist;
				LD_RUNPATH_SEARCH_PATHS = "$(inherited) @executable_path/Frameworks @loader_path/Frameworks";
				PRODUCT_NAME = "$(TARGET_NAME)";
				TEST_HOST = "$(BUILT_PRODUCTS_DIR)/FightClub.app/FightClub";
			};
			name = Debug;
		};
		A6A394E31A673F2000D4E6A1 /* Release */ = {
			isa = XCBuildConfiguration;
			buildSettings = {
				BUNDLE_LOADER = "$(TEST_HOST)";
				FRAMEWORK_SEARCH_PATHS = (
					"$(SDKROOT)/Developer/Library/Frameworks",
					"$(inherited)",
				);
				INFOPLIST_FILE = FightClubTests/Info.plist;
				LD_RUNPATH_SEARCH_PATHS = "$(inherited) @executable_path/Frameworks @loader_path/Frameworks";
				PRODUCT_NAME = "$(TARGET_NAME)";
				TEST_HOST = "$(BUILT_PRODUCTS_DIR)/FightClub.app/FightClub";
			};
			name = Release;
		};
/* End XCBuildConfiguration section */

/* Begin XCConfigurationList section */
		A6A394BA1A673F2000D4E6A1 /* Build configuration list for PBXProject "FightClub" */ = {
			isa = XCConfigurationList;
			buildConfigurations = (
				A6A394DC1A673F2000D4E6A1 /* Debug */,
				A6A394DD1A673F2000D4E6A1 /* Release */,
			);
			defaultConfigurationIsVisible = 0;
			defaultConfigurationName = Release;
		};
		A6A394DE1A673F2000D4E6A1 /* Build configuration list for PBXNativeTarget "FightClub" */ = {
			isa = XCConfigurationList;
			buildConfigurations = (
				A6A394DF1A673F2000D4E6A1 /* Debug */,
				A6A394E01A673F2000D4E6A1 /* Release */,
			);
			defaultConfigurationIsVisible = 0;
		};
		A6A394E11A673F2000D4E6A1 /* Build configuration list for PBXNativeTarget "FightClubTests" */ = {
			isa = XCConfigurationList;
			buildConfigurations = (
				A6A394E21A673F2000D4E6A1 /* Debug */,
				A6A394E31A673F2000D4E6A1 /* Release */,
			);
			defaultConfigurationIsVisible = 0;
		};
/* End XCConfigurationList section */
	};
	rootObject = A6A394B71A673F2000D4E6A1 /* Project object */;
}
