// !$*UTF8*$!
{
	archiveVersion = 1;
	classes = {
	};
	objectVersion = 46;
	objects = {

/* Begin PBXBuildFile section */
		A6804D851A6DDCE700C8C8FA /* AppDelegate.swift in Sources */ = {isa = PBXBuildFile; fileRef = A6804D841A6DDCE700C8C8FA /* AppDelegate.swift */; };
		A6804D871A6DDCE700C8C8FA /* ViewController.swift in Sources */ = {isa = PBXBuildFile; fileRef = A6804D861A6DDCE700C8C8FA /* ViewController.swift */; };
		A6804D8A1A6DDCE700C8C8FA /* Main.storyboard in Resources */ = {isa = PBXBuildFile; fileRef = A6804D881A6DDCE700C8C8FA /* Main.storyboard */; };
		A6804D8C1A6DDCE700C8C8FA /* Images.xcassets in Resources */ = {isa = PBXBuildFile; fileRef = A6804D8B1A6DDCE700C8C8FA /* Images.xcassets */; };
		A6804D8F1A6DDCE700C8C8FA /* LaunchScreen.xib in Resources */ = {isa = PBXBuildFile; fileRef = A6804D8D1A6DDCE700C8C8FA /* LaunchScreen.xib */; };
		A6804D9B1A6DDCE700C8C8FA /* ArrayExerciseTests.swift in Sources */ = {isa = PBXBuildFile; fileRef = A6804D9A1A6DDCE700C8C8FA /* ArrayExerciseTests.swift */; };
		A6804DA51A6DDF3400C8C8FA /* ArrayTableView.swift in Sources */ = {isa = PBXBuildFile; fileRef = A6804DA41A6DDF3400C8C8FA /* ArrayTableView.swift */; };
		A6804DA71A6DEB5500C8C8FA /* Contacts.swift in Sources */ = {isa = PBXBuildFile; fileRef = A6804DA61A6DEB5500C8C8FA /* Contacts.swift */; };
/* End PBXBuildFile section */

/* Begin PBXContainerItemProxy section */
		A6804D951A6DDCE700C8C8FA /* PBXContainerItemProxy */ = {
			isa = PBXContainerItemProxy;
			containerPortal = A6804D771A6DDCE700C8C8FA /* Project object */;
			proxyType = 1;
			remoteGlobalIDString = A6804D7E1A6DDCE700C8C8FA;
			remoteInfo = ArrayExercise;
		};
/* End PBXContainerItemProxy section */

/* Begin PBXFileReference section */
		A6804D7F1A6DDCE700C8C8FA /* ArrayExercise.app */ = {isa = PBXFileReference; explicitFileType = wrapper.application; includeInIndex = 0; path = ArrayExercise.app; sourceTree = BUILT_PRODUCTS_DIR; };
		A6804D831A6DDCE700C8C8FA /* Info.plist */ = {isa = PBXFileReference; lastKnownFileType = text.plist.xml; path = Info.plist; sourceTree = "<group>"; };
		A6804D841A6DDCE700C8C8FA /* AppDelegate.swift */ = {isa = PBXFileReference; lastKnownFileType = sourcecode.swift; path = AppDelegate.swift; sourceTree = "<group>"; };
		A6804D861A6DDCE700C8C8FA /* ViewController.swift */ = {isa = PBXFileReference; lastKnownFileType = sourcecode.swift; path = ViewController.swift; sourceTree = "<group>"; };
		A6804D891A6DDCE700C8C8FA /* Base */ = {isa = PBXFileReference; lastKnownFileType = file.storyboard; name = Base; path = Base.lproj/Main.storyboard; sourceTree = "<group>"; };
		A6804D8B1A6DDCE700C8C8FA /* Images.xcassets */ = {isa = PBXFileReference; lastKnownFileType = folder.assetcatalog; path = Images.xcassets; sourceTree = "<group>"; };
		A6804D8E1A6DDCE700C8C8FA /* Base */ = {isa = PBXFileReference; lastKnownFileType = file.xib; name = Base; path = Base.lproj/LaunchScreen.xib; sourceTree = "<group>"; };
		A6804D941A6DDCE700C8C8FA /* ArrayExerciseTests.xctest */ = {isa = PBXFileReference; explicitFileType = wrapper.cfbundle; includeInIndex = 0; path = ArrayExerciseTests.xctest; sourceTree = BUILT_PRODUCTS_DIR; };
		A6804D991A6DDCE700C8C8FA /* Info.plist */ = {isa = PBXFileReference; lastKnownFileType = text.plist.xml; path = Info.plist; sourceTree = "<group>"; };
		A6804D9A1A6DDCE700C8C8FA /* ArrayExerciseTests.swift */ = {isa = PBXFileReference; lastKnownFileType = sourcecode.swift; path = ArrayExerciseTests.swift; sourceTree = "<group>"; };
		A6804DA41A6DDF3400C8C8FA /* ArrayTableView.swift */ = {isa = PBXFileReference; fileEncoding = 4; lastKnownFileType = sourcecode.swift; path = ArrayTableView.swift; sourceTree = "<group>"; };
		A6804DA61A6DEB5500C8C8FA /* Contacts.swift */ = {isa = PBXFileReference; fileEncoding = 4; lastKnownFileType = sourcecode.swift; path = Contacts.swift; sourceTree = "<group>"; };
/* End PBXFileReference section */

/* Begin PBXFrameworksBuildPhase section */
		A6804D7C1A6DDCE700C8C8FA /* Frameworks */ = {
			isa = PBXFrameworksBuildPhase;
			buildActionMask = 2147483647;
			files = (
			);
			runOnlyForDeploymentPostprocessing = 0;
		};
		A6804D911A6DDCE700C8C8FA /* Frameworks */ = {
			isa = PBXFrameworksBuildPhase;
			buildActionMask = 2147483647;
			files = (
			);
			runOnlyForDeploymentPostprocessing = 0;
		};
/* End PBXFrameworksBuildPhase section */

/* Begin PBXGroup section */
		A6804D761A6DDCE700C8C8FA = {
			isa = PBXGroup;
			children = (
				A6804D811A6DDCE700C8C8FA /* ArrayExercise */,
				A6804D971A6DDCE700C8C8FA /* ArrayExerciseTests */,
				A6804D801A6DDCE700C8C8FA /* Products */,
			);
			sourceTree = "<group>";
		};
		A6804D801A6DDCE700C8C8FA /* Products */ = {
			isa = PBXGroup;
			children = (
				A6804D7F1A6DDCE700C8C8FA /* ArrayExercise.app */,
				A6804D941A6DDCE700C8C8FA /* ArrayExerciseTests.xctest */,
			);
			name = Products;
			sourceTree = "<group>";
		};
		A6804D811A6DDCE700C8C8FA /* ArrayExercise */ = {
			isa = PBXGroup;
			children = (
				A6804D841A6DDCE700C8C8FA /* AppDelegate.swift */,
				A6804D861A6DDCE700C8C8FA /* ViewController.swift */,
				A6804D881A6DDCE700C8C8FA /* Main.storyboard */,
				A6804DA41A6DDF3400C8C8FA /* ArrayTableView.swift */,
				A6804DA61A6DEB5500C8C8FA /* Contacts.swift */,
				A6804D8B1A6DDCE700C8C8FA /* Images.xcassets */,
				A6804D8D1A6DDCE700C8C8FA /* LaunchScreen.xib */,
				A6804D821A6DDCE700C8C8FA /* Supporting Files */,
			);
			path = ArrayExercise;
			sourceTree = "<group>";
		};
		A6804D821A6DDCE700C8C8FA /* Supporting Files */ = {
			isa = PBXGroup;
			children = (
				A6804D831A6DDCE700C8C8FA /* Info.plist */,
			);
			name = "Supporting Files";
			sourceTree = "<group>";
		};
		A6804D971A6DDCE700C8C8FA /* ArrayExerciseTests */ = {
			isa = PBXGroup;
			children = (
				A6804D9A1A6DDCE700C8C8FA /* ArrayExerciseTests.swift */,
				A6804D981A6DDCE700C8C8FA /* Supporting Files */,
			);
			path = ArrayExerciseTests;
			sourceTree = "<group>";
		};
		A6804D981A6DDCE700C8C8FA /* Supporting Files */ = {
			isa = PBXGroup;
			children = (
				A6804D991A6DDCE700C8C8FA /* Info.plist */,
			);
			name = "Supporting Files";
			sourceTree = "<group>";
		};
/* End PBXGroup section */

/* Begin PBXNativeTarget section */
		A6804D7E1A6DDCE700C8C8FA /* ArrayExercise */ = {
			isa = PBXNativeTarget;
			buildConfigurationList = A6804D9E1A6DDCE700C8C8FA /* Build configuration list for PBXNativeTarget "ArrayExercise" */;
			buildPhases = (
				A6804D7B1A6DDCE700C8C8FA /* Sources */,
				A6804D7C1A6DDCE700C8C8FA /* Frameworks */,
				A6804D7D1A6DDCE700C8C8FA /* Resources */,
			);
			buildRules = (
			);
			dependencies = (
			);
			name = ArrayExercise;
			productName = ArrayExercise;
			productReference = A6804D7F1A6DDCE700C8C8FA /* ArrayExercise.app */;
			productType = "com.apple.product-type.application";
		};
		A6804D931A6DDCE700C8C8FA /* ArrayExerciseTests */ = {
			isa = PBXNativeTarget;
			buildConfigurationList = A6804DA11A6DDCE700C8C8FA /* Build configuration list for PBXNativeTarget "ArrayExerciseTests" */;
			buildPhases = (
				A6804D901A6DDCE700C8C8FA /* Sources */,
				A6804D911A6DDCE700C8C8FA /* Frameworks */,
				A6804D921A6DDCE700C8C8FA /* Resources */,
			);
			buildRules = (
			);
			dependencies = (
				A6804D961A6DDCE700C8C8FA /* PBXTargetDependency */,
			);
			name = ArrayExerciseTests;
			productName = ArrayExerciseTests;
			productReference = A6804D941A6DDCE700C8C8FA /* ArrayExerciseTests.xctest */;
			productType = "com.apple.product-type.bundle.unit-test";
		};
/* End PBXNativeTarget section */

/* Begin PBXProject section */
		A6804D771A6DDCE700C8C8FA /* Project object */ = {
			isa = PBXProject;
			attributes = {
				LastUpgradeCheck = 0610;
				ORGANIZATIONNAME = "Jeffrey Lee";
				TargetAttributes = {
					A6804D7E1A6DDCE700C8C8FA = {
						CreatedOnToolsVersion = 6.1.1;
					};
					A6804D931A6DDCE700C8C8FA = {
						CreatedOnToolsVersion = 6.1.1;
						TestTargetID = A6804D7E1A6DDCE700C8C8FA;
					};
				};
			};
			buildConfigurationList = A6804D7A1A6DDCE700C8C8FA /* Build configuration list for PBXProject "ArrayExercise" */;
			compatibilityVersion = "Xcode 3.2";
			developmentRegion = English;
			hasScannedForEncodings = 0;
			knownRegions = (
				en,
				Base,
			);
			mainGroup = A6804D761A6DDCE700C8C8FA;
			productRefGroup = A6804D801A6DDCE700C8C8FA /* Products */;
			projectDirPath = "";
			projectRoot = "";
			targets = (
				A6804D7E1A6DDCE700C8C8FA /* ArrayExercise */,
				A6804D931A6DDCE700C8C8FA /* ArrayExerciseTests */,
			);
		};
/* End PBXProject section */

/* Begin PBXResourcesBuildPhase section */
		A6804D7D1A6DDCE700C8C8FA /* Resources */ = {
			isa = PBXResourcesBuildPhase;
			buildActionMask = 2147483647;
			files = (
				A6804D8A1A6DDCE700C8C8FA /* Main.storyboard in Resources */,
				A6804D8F1A6DDCE700C8C8FA /* LaunchScreen.xib in Resources */,
				A6804D8C1A6DDCE700C8C8FA /* Images.xcassets in Resources */,
			);
			runOnlyForDeploymentPostprocessing = 0;
		};
		A6804D921A6DDCE700C8C8FA /* Resources */ = {
			isa = PBXResourcesBuildPhase;
			buildActionMask = 2147483647;
			files = (
			);
			runOnlyForDeploymentPostprocessing = 0;
		};
/* End PBXResourcesBuildPhase section */

/* Begin PBXSourcesBuildPhase section */
		A6804D7B1A6DDCE700C8C8FA /* Sources */ = {
			isa = PBXSourcesBuildPhase;
			buildActionMask = 2147483647;
			files = (
				A6804DA71A6DEB5500C8C8FA /* Contacts.swift in Sources */,
				A6804DA51A6DDF3400C8C8FA /* ArrayTableView.swift in Sources */,
				A6804D871A6DDCE700C8C8FA /* ViewController.swift in Sources */,
				A6804D851A6DDCE700C8C8FA /* AppDelegate.swift in Sources */,
			);
			runOnlyForDeploymentPostprocessing = 0;
		};
		A6804D901A6DDCE700C8C8FA /* Sources */ = {
			isa = PBXSourcesBuildPhase;
			buildActionMask = 2147483647;
			files = (
				A6804D9B1A6DDCE700C8C8FA /* ArrayExerciseTests.swift in Sources */,
			);
			runOnlyForDeploymentPostprocessing = 0;
		};
/* End PBXSourcesBuildPhase section */

/* Begin PBXTargetDependency section */
		A6804D961A6DDCE700C8C8FA /* PBXTargetDependency */ = {
			isa = PBXTargetDependency;
			target = A6804D7E1A6DDCE700C8C8FA /* ArrayExercise */;
			targetProxy = A6804D951A6DDCE700C8C8FA /* PBXContainerItemProxy */;
		};
/* End PBXTargetDependency section */

/* Begin PBXVariantGroup section */
		A6804D881A6DDCE700C8C8FA /* Main.storyboard */ = {
			isa = PBXVariantGroup;
			children = (
				A6804D891A6DDCE700C8C8FA /* Base */,
			);
			name = Main.storyboard;
			sourceTree = "<group>";
		};
		A6804D8D1A6DDCE700C8C8FA /* LaunchScreen.xib */ = {
			isa = PBXVariantGroup;
			children = (
				A6804D8E1A6DDCE700C8C8FA /* Base */,
			);
			name = LaunchScreen.xib;
			sourceTree = "<group>";
		};
/* End PBXVariantGroup section */

/* Begin XCBuildConfiguration section */
		A6804D9C1A6DDCE700C8C8FA /* Debug */ = {
			isa = XCBuildConfiguration;
			buildSettings = {
				ALWAYS_SEARCH_USER_PATHS = NO;
				CLANG_CXX_LANGUAGE_STANDARD = "gnu++0x";
				CLANG_CXX_LIBRARY = "libc++";
				CLANG_ENABLE_MODULES = YES;
				CLANG_ENABLE_OBJC_ARC = YES;
				CLANG_WARN_BOOL_CONVERSION = YES;
				CLANG_WARN_CONSTANT_CONVERSION = YES;
				CLANG_WARN_DIRECT_OBJC_ISA_USAGE = YES_ERROR;
				CLANG_WARN_EMPTY_BODY = YES;
				CLANG_WARN_ENUM_CONVERSION = YES;
				CLANG_WARN_INT_CONVERSION = YES;
				CLANG_WARN_OBJC_ROOT_CLASS = YES_ERROR;
				CLANG_WARN_UNREACHABLE_CODE = YES;
				CLANG_WARN__DUPLICATE_METHOD_MATCH = YES;
				"CODE_SIGN_IDENTITY[sdk=iphoneos*]" = "iPhone Developer";
				COPY_PHASE_STRIP = NO;
				ENABLE_STRICT_OBJC_MSGSEND = YES;
				GCC_C_LANGUAGE_STANDARD = gnu99;
				GCC_DYNAMIC_NO_PIC = NO;
				GCC_OPTIMIZATION_LEVEL = 0;
				GCC_PREPROCESSOR_DEFINITIONS = (
					"DEBUG=1",
					"$(inherited)",
				);
				GCC_SYMBOLS_PRIVATE_EXTERN = NO;
				GCC_WARN_64_TO_32_BIT_CONVERSION = YES;
				GCC_WARN_ABOUT_RETURN_TYPE = YES_ERROR;
				GCC_WARN_UNDECLARED_SELECTOR = YES;
				GCC_WARN_UNINITIALIZED_AUTOS = YES_AGGRESSIVE;
				GCC_WARN_UNUSED_FUNCTION = YES;
				GCC_WARN_UNUSED_VARIABLE = YES;
				IPHONEOS_DEPLOYMENT_TARGET = 8.1;
				MTL_ENABLE_DEBUG_INFO = YES;
				ONLY_ACTIVE_ARCH = YES;
				SDKROOT = iphoneos;
				SWIFT_OPTIMIZATION_LEVEL = "-Onone";
			};
			name = Debug;
		};
		A6804D9D1A6DDCE700C8C8FA /* Release */ = {
			isa = XCBuildConfiguration;
			buildSettings = {
				ALWAYS_SEARCH_USER_PATHS = NO;
				CLANG_CXX_LANGUAGE_STANDARD = "gnu++0x";
				CLANG_CXX_LIBRARY = "libc++";
				CLANG_ENABLE_MODULES = YES;
				CLANG_ENABLE_OBJC_ARC = YES;
				CLANG_WARN_BOOL_CONVERSION = YES;
				CLANG_WARN_CONSTANT_CONVERSION = YES;
				CLANG_WARN_DIRECT_OBJC_ISA_USAGE = YES_ERROR;
				CLANG_WARN_EMPTY_BODY = YES;
				CLANG_WARN_ENUM_CONVERSION = YES;
				CLANG_WARN_INT_CONVERSION = YES;
				CLANG_WARN_OBJC_ROOT_CLASS = YES_ERROR;
				CLANG_WARN_UNREACHABLE_CODE = YES;
				CLANG_WARN__DUPLICATE_METHOD_MATCH = YES;
				"CODE_SIGN_IDENTITY[sdk=iphoneos*]" = "iPhone Developer";
				COPY_PHASE_STRIP = YES;
				ENABLE_NS_ASSERTIONS = NO;
				ENABLE_STRICT_OBJC_MSGSEND = YES;
				GCC_C_LANGUAGE_STANDARD = gnu99;
				GCC_WARN_64_TO_32_BIT_CONVERSION = YES;
				GCC_WARN_ABOUT_RETURN_TYPE = YES_ERROR;
				GCC_WARN_UNDECLARED_SELECTOR = YES;
				GCC_WARN_UNINITIALIZED_AUTOS = YES_AGGRESSIVE;
				GCC_WARN_UNUSED_FUNCTION = YES;
				GCC_WARN_UNUSED_VARIABLE = YES;
				IPHONEOS_DEPLOYMENT_TARGET = 8.1;
				MTL_ENABLE_DEBUG_INFO = NO;
				SDKROOT = iphoneos;
				VALIDATE_PRODUCT = YES;
			};
			name = Release;
		};
		A6804D9F1A6DDCE700C8C8FA /* Debug */ = {
			isa = XCBuildConfiguration;
			buildSettings = {
				ASSETCATALOG_COMPILER_APPICON_NAME = AppIcon;
				INFOPLIST_FILE = ArrayExercise/Info.plist;
				LD_RUNPATH_SEARCH_PATHS = "$(inherited) @executable_path/Frameworks";
				PRODUCT_NAME = "$(TARGET_NAME)";
			};
			name = Debug;
		};
		A6804DA01A6DDCE700C8C8FA /* Release */ = {
			isa = XCBuildConfiguration;
			buildSettings = {
				ASSETCATALOG_COMPILER_APPICON_NAME = AppIcon;
				INFOPLIST_FILE = ArrayExercise/Info.plist;
				LD_RUNPATH_SEARCH_PATHS = "$(inherited) @executable_path/Frameworks";
				PRODUCT_NAME = "$(TARGET_NAME)";
			};
			name = Release;
		};
		A6804DA21A6DDCE700C8C8FA /* Debug */ = {
			isa = XCBuildConfiguration;
			buildSettings = {
				BUNDLE_LOADER = "$(TEST_HOST)";
				FRAMEWORK_SEARCH_PATHS = (
					"$(SDKROOT)/Developer/Library/Frameworks",
					"$(inherited)",
				);
				GCC_PREPROCESSOR_DEFINITIONS = (
					"DEBUG=1",
					"$(inherited)",
				);
				INFOPLIST_FILE = ArrayExerciseTests/Info.plist;
				LD_RUNPATH_SEARCH_PATHS = "$(inherited) @executable_path/Frameworks @loader_path/Frameworks";
				PRODUCT_NAME = "$(TARGET_NAME)";
				TEST_HOST = "$(BUILT_PRODUCTS_DIR)/ArrayExercise.app/ArrayExercise";
			};
			name = Debug;
		};
		A6804DA31A6DDCE700C8C8FA /* Release */ = {
			isa = XCBuildConfiguration;
			buildSettings = {
				BUNDLE_LOADER = "$(TEST_HOST)";
				FRAMEWORK_SEARCH_PATHS = (
					"$(SDKROOT)/Developer/Library/Frameworks",
					"$(inherited)",
				);
				INFOPLIST_FILE = ArrayExerciseTests/Info.plist;
				LD_RUNPATH_SEARCH_PATHS = "$(inherited) @executable_path/Frameworks @loader_path/Frameworks";
				PRODUCT_NAME = "$(TARGET_NAME)";
				TEST_HOST = "$(BUILT_PRODUCTS_DIR)/ArrayExercise.app/ArrayExercise";
			};
			name = Release;
		};
/* End XCBuildConfiguration section */

/* Begin XCConfigurationList section */
		A6804D7A1A6DDCE700C8C8FA /* Build configuration list for PBXProject "ArrayExercise" */ = {
			isa = XCConfigurationList;
			buildConfigurations = (
				A6804D9C1A6DDCE700C8C8FA /* Debug */,
				A6804D9D1A6DDCE700C8C8FA /* Release */,
			);
			defaultConfigurationIsVisible = 0;
			defaultConfigurationName = Release;
		};
		A6804D9E1A6DDCE700C8C8FA /* Build configuration list for PBXNativeTarget "ArrayExercise" */ = {
			isa = XCConfigurationList;
			buildConfigurations = (
				A6804D9F1A6DDCE700C8C8FA /* Debug */,
				A6804DA01A6DDCE700C8C8FA /* Release */,
			);
			defaultConfigurationIsVisible = 0;
		};
		A6804DA11A6DDCE700C8C8FA /* Build configuration list for PBXNativeTarget "ArrayExerciseTests" */ = {
			isa = XCConfigurationList;
			buildConfigurations = (
				A6804DA21A6DDCE700C8C8FA /* Debug */,
				A6804DA31A6DDCE700C8C8FA /* Release */,
			);
			defaultConfigurationIsVisible = 0;
		};
/* End XCConfigurationList section */
	};
	rootObject = A6804D771A6DDCE700C8C8FA /* Project object */;
}
