// !$*UTF8*$!
{
	archiveVersion = 1;
	classes = {
	};
	objectVersion = 46;
	objects = {

/* Begin PBXBuildFile section */
		A6057FD61A805A05007F5836 /* AppDelegate.swift in Sources */ = {isa = PBXBuildFile; fileRef = A6057FD51A805A05007F5836 /* AppDelegate.swift */; };
		A6057FD81A805A05007F5836 /* ViewController.swift in Sources */ = {isa = PBXBuildFile; fileRef = A6057FD71A805A05007F5836 /* ViewController.swift */; };
		A6057FDB1A805A05007F5836 /* Main.storyboard in Resources */ = {isa = PBXBuildFile; fileRef = A6057FD91A805A05007F5836 /* Main.storyboard */; };
		A6057FDD1A805A05007F5836 /* Images.xcassets in Resources */ = {isa = PBXBuildFile; fileRef = A6057FDC1A805A05007F5836 /* Images.xcassets */; };
		A6057FE01A805A05007F5836 /* LaunchScreen.xib in Resources */ = {isa = PBXBuildFile; fileRef = A6057FDE1A805A05007F5836 /* LaunchScreen.xib */; };
		A6057FEC1A805A05007F5836 /* LoginAppTests.swift in Sources */ = {isa = PBXBuildFile; fileRef = A6057FEB1A805A05007F5836 /* LoginAppTests.swift */; };
/* End PBXBuildFile section */

/* Begin PBXContainerItemProxy section */
		A6057FE61A805A05007F5836 /* PBXContainerItemProxy */ = {
			isa = PBXContainerItemProxy;
			containerPortal = A6057FC81A805A05007F5836 /* Project object */;
			proxyType = 1;
			remoteGlobalIDString = A6057FCF1A805A05007F5836;
			remoteInfo = LoginApp;
		};
/* End PBXContainerItemProxy section */

/* Begin PBXFileReference section */
		A6057FD01A805A05007F5836 /* LoginApp.app */ = {isa = PBXFileReference; explicitFileType = wrapper.application; includeInIndex = 0; path = LoginApp.app; sourceTree = BUILT_PRODUCTS_DIR; };
		A6057FD41A805A05007F5836 /* Info.plist */ = {isa = PBXFileReference; lastKnownFileType = text.plist.xml; path = Info.plist; sourceTree = "<group>"; };
		A6057FD51A805A05007F5836 /* AppDelegate.swift */ = {isa = PBXFileReference; lastKnownFileType = sourcecode.swift; path = AppDelegate.swift; sourceTree = "<group>"; };
		A6057FD71A805A05007F5836 /* ViewController.swift */ = {isa = PBXFileReference; lastKnownFileType = sourcecode.swift; path = ViewController.swift; sourceTree = "<group>"; };
		A6057FDA1A805A05007F5836 /* Base */ = {isa = PBXFileReference; lastKnownFileType = file.storyboard; name = Base; path = Base.lproj/Main.storyboard; sourceTree = "<group>"; };
		A6057FDC1A805A05007F5836 /* Images.xcassets */ = {isa = PBXFileReference; lastKnownFileType = folder.assetcatalog; path = Images.xcassets; sourceTree = "<group>"; };
		A6057FDF1A805A05007F5836 /* Base */ = {isa = PBXFileReference; lastKnownFileType = file.xib; name = Base; path = Base.lproj/LaunchScreen.xib; sourceTree = "<group>"; };
		A6057FE51A805A05007F5836 /* LoginAppTests.xctest */ = {isa = PBXFileReference; explicitFileType = wrapper.cfbundle; includeInIndex = 0; path = LoginAppTests.xctest; sourceTree = BUILT_PRODUCTS_DIR; };
		A6057FEA1A805A05007F5836 /* Info.plist */ = {isa = PBXFileReference; lastKnownFileType = text.plist.xml; path = Info.plist; sourceTree = "<group>"; };
		A6057FEB1A805A05007F5836 /* LoginAppTests.swift */ = {isa = PBXFileReference; lastKnownFileType = sourcecode.swift; path = LoginAppTests.swift; sourceTree = "<group>"; };
/* End PBXFileReference section */

/* Begin PBXFrameworksBuildPhase section */
		A6057FCD1A805A05007F5836 /* Frameworks */ = {
			isa = PBXFrameworksBuildPhase;
			buildActionMask = 2147483647;
			files = (
			);
			runOnlyForDeploymentPostprocessing = 0;
		};
		A6057FE21A805A05007F5836 /* Frameworks */ = {
			isa = PBXFrameworksBuildPhase;
			buildActionMask = 2147483647;
			files = (
			);
			runOnlyForDeploymentPostprocessing = 0;
		};
/* End PBXFrameworksBuildPhase section */

/* Begin PBXGroup section */
		A6057FC71A805A05007F5836 = {
			isa = PBXGroup;
			children = (
				A6057FD21A805A05007F5836 /* LoginApp */,
				A6057FE81A805A05007F5836 /* LoginAppTests */,
				A6057FD11A805A05007F5836 /* Products */,
			);
			sourceTree = "<group>";
		};
		A6057FD11A805A05007F5836 /* Products */ = {
			isa = PBXGroup;
			children = (
				A6057FD01A805A05007F5836 /* LoginApp.app */,
				A6057FE51A805A05007F5836 /* LoginAppTests.xctest */,
			);
			name = Products;
			sourceTree = "<group>";
		};
		A6057FD21A805A05007F5836 /* LoginApp */ = {
			isa = PBXGroup;
			children = (
				A6057FD51A805A05007F5836 /* AppDelegate.swift */,
				A6057FD71A805A05007F5836 /* ViewController.swift */,
				A6057FD91A805A05007F5836 /* Main.storyboard */,
				A6057FDC1A805A05007F5836 /* Images.xcassets */,
				A6057FDE1A805A05007F5836 /* LaunchScreen.xib */,
				A6057FD31A805A05007F5836 /* Supporting Files */,
			);
			path = LoginApp;
			sourceTree = "<group>";
		};
		A6057FD31A805A05007F5836 /* Supporting Files */ = {
			isa = PBXGroup;
			children = (
				A6057FD41A805A05007F5836 /* Info.plist */,
			);
			name = "Supporting Files";
			sourceTree = "<group>";
		};
		A6057FE81A805A05007F5836 /* LoginAppTests */ = {
			isa = PBXGroup;
			children = (
				A6057FEB1A805A05007F5836 /* LoginAppTests.swift */,
				A6057FE91A805A05007F5836 /* Supporting Files */,
			);
			path = LoginAppTests;
			sourceTree = "<group>";
		};
		A6057FE91A805A05007F5836 /* Supporting Files */ = {
			isa = PBXGroup;
			children = (
				A6057FEA1A805A05007F5836 /* Info.plist */,
			);
			name = "Supporting Files";
			sourceTree = "<group>";
		};
/* End PBXGroup section */

/* Begin PBXNativeTarget section */
		A6057FCF1A805A05007F5836 /* LoginApp */ = {
			isa = PBXNativeTarget;
			buildConfigurationList = A6057FEF1A805A05007F5836 /* Build configuration list for PBXNativeTarget "LoginApp" */;
			buildPhases = (
				A6057FCC1A805A05007F5836 /* Sources */,
				A6057FCD1A805A05007F5836 /* Frameworks */,
				A6057FCE1A805A05007F5836 /* Resources */,
			);
			buildRules = (
			);
			dependencies = (
			);
			name = LoginApp;
			productName = LoginApp;
			productReference = A6057FD01A805A05007F5836 /* LoginApp.app */;
			productType = "com.apple.product-type.application";
		};
		A6057FE41A805A05007F5836 /* LoginAppTests */ = {
			isa = PBXNativeTarget;
			buildConfigurationList = A6057FF21A805A05007F5836 /* Build configuration list for PBXNativeTarget "LoginAppTests" */;
			buildPhases = (
				A6057FE11A805A05007F5836 /* Sources */,
				A6057FE21A805A05007F5836 /* Frameworks */,
				A6057FE31A805A05007F5836 /* Resources */,
			);
			buildRules = (
			);
			dependencies = (
				A6057FE71A805A05007F5836 /* PBXTargetDependency */,
			);
			name = LoginAppTests;
			productName = LoginAppTests;
			productReference = A6057FE51A805A05007F5836 /* LoginAppTests.xctest */;
			productType = "com.apple.product-type.bundle.unit-test";
		};
/* End PBXNativeTarget section */

/* Begin PBXProject section */
		A6057FC81A805A05007F5836 /* Project object */ = {
			isa = PBXProject;
			attributes = {
				LastUpgradeCheck = 0610;
				ORGANIZATIONNAME = "Jeffrey Lee";
				TargetAttributes = {
					A6057FCF1A805A05007F5836 = {
						CreatedOnToolsVersion = 6.1.1;
					};
					A6057FE41A805A05007F5836 = {
						CreatedOnToolsVersion = 6.1.1;
						TestTargetID = A6057FCF1A805A05007F5836;
					};
				};
			};
			buildConfigurationList = A6057FCB1A805A05007F5836 /* Build configuration list for PBXProject "LoginApp" */;
			compatibilityVersion = "Xcode 3.2";
			developmentRegion = English;
			hasScannedForEncodings = 0;
			knownRegions = (
				en,
				Base,
			);
			mainGroup = A6057FC71A805A05007F5836;
			productRefGroup = A6057FD11A805A05007F5836 /* Products */;
			projectDirPath = "";
			projectRoot = "";
			targets = (
				A6057FCF1A805A05007F5836 /* LoginApp */,
				A6057FE41A805A05007F5836 /* LoginAppTests */,
			);
		};
/* End PBXProject section */

/* Begin PBXResourcesBuildPhase section */
		A6057FCE1A805A05007F5836 /* Resources */ = {
			isa = PBXResourcesBuildPhase;
			buildActionMask = 2147483647;
			files = (
				A6057FDB1A805A05007F5836 /* Main.storyboard in Resources */,
				A6057FE01A805A05007F5836 /* LaunchScreen.xib in Resources */,
				A6057FDD1A805A05007F5836 /* Images.xcassets in Resources */,
			);
			runOnlyForDeploymentPostprocessing = 0;
		};
		A6057FE31A805A05007F5836 /* Resources */ = {
			isa = PBXResourcesBuildPhase;
			buildActionMask = 2147483647;
			files = (
			);
			runOnlyForDeploymentPostprocessing = 0;
		};
/* End PBXResourcesBuildPhase section */

/* Begin PBXSourcesBuildPhase section */
		A6057FCC1A805A05007F5836 /* Sources */ = {
			isa = PBXSourcesBuildPhase;
			buildActionMask = 2147483647;
			files = (
				A6057FD81A805A05007F5836 /* ViewController.swift in Sources */,
				A6057FD61A805A05007F5836 /* AppDelegate.swift in Sources */,
			);
			runOnlyForDeploymentPostprocessing = 0;
		};
		A6057FE11A805A05007F5836 /* Sources */ = {
			isa = PBXSourcesBuildPhase;
			buildActionMask = 2147483647;
			files = (
				A6057FEC1A805A05007F5836 /* LoginAppTests.swift in Sources */,
			);
			runOnlyForDeploymentPostprocessing = 0;
		};
/* End PBXSourcesBuildPhase section */

/* Begin PBXTargetDependency section */
		A6057FE71A805A05007F5836 /* PBXTargetDependency */ = {
			isa = PBXTargetDependency;
			target = A6057FCF1A805A05007F5836 /* LoginApp */;
			targetProxy = A6057FE61A805A05007F5836 /* PBXContainerItemProxy */;
		};
/* End PBXTargetDependency section */

/* Begin PBXVariantGroup section */
		A6057FD91A805A05007F5836 /* Main.storyboard */ = {
			isa = PBXVariantGroup;
			children = (
				A6057FDA1A805A05007F5836 /* Base */,
			);
			name = Main.storyboard;
			sourceTree = "<group>";
		};
		A6057FDE1A805A05007F5836 /* LaunchScreen.xib */ = {
			isa = PBXVariantGroup;
			children = (
				A6057FDF1A805A05007F5836 /* Base */,
			);
			name = LaunchScreen.xib;
			sourceTree = "<group>";
		};
/* End PBXVariantGroup section */

/* Begin XCBuildConfiguration section */
		A6057FED1A805A05007F5836 /* Debug */ = {
			isa = XCBuildConfiguration;
			buildSettings = {
				ALWAYS_SEARCH_USER_PATHS = NO;
				CLANG_CXX_LANGUAGE_STANDARD = "gnu++0x";
				CLANG_CXX_LIBRARY = "libc++";
				CLANG_ENABLE_MODULES = YES;
				CLANG_ENABLE_OBJC_ARC = YES;
				CLANG_WARN_BOOL_CONVERSION = YES;
				CLANG_WARN_CONSTANT_CONVERSION = YES;
				CLANG_WARN_DIRECT_OBJC_ISA_USAGE = YES_ERROR;
				CLANG_WARN_EMPTY_BODY = YES;
				CLANG_WARN_ENUM_CONVERSION = YES;
				CLANG_WARN_INT_CONVERSION = YES;
				CLANG_WARN_OBJC_ROOT_CLASS = YES_ERROR;
				CLANG_WARN_UNREACHABLE_CODE = YES;
				CLANG_WARN__DUPLICATE_METHOD_MATCH = YES;
				"CODE_SIGN_IDENTITY[sdk=iphoneos*]" = "iPhone Developer";
				COPY_PHASE_STRIP = NO;
				ENABLE_STRICT_OBJC_MSGSEND = YES;
				GCC_C_LANGUAGE_STANDARD = gnu99;
				GCC_DYNAMIC_NO_PIC = NO;
				GCC_OPTIMIZATION_LEVEL = 0;
				GCC_PREPROCESSOR_DEFINITIONS = (
					"DEBUG=1",
					"$(inherited)",
				);
				GCC_SYMBOLS_PRIVATE_EXTERN = NO;
				GCC_WARN_64_TO_32_BIT_CONVERSION = YES;
				GCC_WARN_ABOUT_RETURN_TYPE = YES_ERROR;
				GCC_WARN_UNDECLARED_SELECTOR = YES;
				GCC_WARN_UNINITIALIZED_AUTOS = YES_AGGRESSIVE;
				GCC_WARN_UNUSED_FUNCTION = YES;
				GCC_WARN_UNUSED_VARIABLE = YES;
				IPHONEOS_DEPLOYMENT_TARGET = 8.1;
				MTL_ENABLE_DEBUG_INFO = YES;
				ONLY_ACTIVE_ARCH = YES;
				SDKROOT = iphoneos;
				SWIFT_OPTIMIZATION_LEVEL = "-Onone";
			};
			name = Debug;
		};
		A6057FEE1A805A05007F5836 /* Release */ = {
			isa = XCBuildConfiguration;
			buildSettings = {
				ALWAYS_SEARCH_USER_PATHS = NO;
				CLANG_CXX_LANGUAGE_STANDARD = "gnu++0x";
				CLANG_CXX_LIBRARY = "libc++";
				CLANG_ENABLE_MODULES = YES;
				CLANG_ENABLE_OBJC_ARC = YES;
				CLANG_WARN_BOOL_CONVERSION = YES;
				CLANG_WARN_CONSTANT_CONVERSION = YES;
				CLANG_WARN_DIRECT_OBJC_ISA_USAGE = YES_ERROR;
				CLANG_WARN_EMPTY_BODY = YES;
				CLANG_WARN_ENUM_CONVERSION = YES;
				CLANG_WARN_INT_CONVERSION = YES;
				CLANG_WARN_OBJC_ROOT_CLASS = YES_ERROR;
				CLANG_WARN_UNREACHABLE_CODE = YES;
				CLANG_WARN__DUPLICATE_METHOD_MATCH = YES;
				"CODE_SIGN_IDENTITY[sdk=iphoneos*]" = "iPhone Developer";
				COPY_PHASE_STRIP = YES;
				ENABLE_NS_ASSERTIONS = NO;
				ENABLE_STRICT_OBJC_MSGSEND = YES;
				GCC_C_LANGUAGE_STANDARD = gnu99;
				GCC_WARN_64_TO_32_BIT_CONVERSION = YES;
				GCC_WARN_ABOUT_RETURN_TYPE = YES_ERROR;
				GCC_WARN_UNDECLARED_SELECTOR = YES;
				GCC_WARN_UNINITIALIZED_AUTOS = YES_AGGRESSIVE;
				GCC_WARN_UNUSED_FUNCTION = YES;
				GCC_WARN_UNUSED_VARIABLE = YES;
				IPHONEOS_DEPLOYMENT_TARGET = 8.1;
				MTL_ENABLE_DEBUG_INFO = NO;
				SDKROOT = iphoneos;
				VALIDATE_PRODUCT = YES;
			};
			name = Release;
		};
		A6057FF01A805A05007F5836 /* Debug */ = {
			isa = XCBuildConfiguration;
			buildSettings = {
				ASSETCATALOG_COMPILER_APPICON_NAME = AppIcon;
				INFOPLIST_FILE = LoginApp/Info.plist;
				LD_RUNPATH_SEARCH_PATHS = "$(inherited) @executable_path/Frameworks";
				PRODUCT_NAME = "$(TARGET_NAME)";
			};
			name = Debug;
		};
		A6057FF11A805A05007F5836 /* Release */ = {
			isa = XCBuildConfiguration;
			buildSettings = {
				ASSETCATALOG_COMPILER_APPICON_NAME = AppIcon;
				INFOPLIST_FILE = LoginApp/Info.plist;
				LD_RUNPATH_SEARCH_PATHS = "$(inherited) @executable_path/Frameworks";
				PRODUCT_NAME = "$(TARGET_NAME)";
			};
			name = Release;
		};
		A6057FF31A805A05007F5836 /* Debug */ = {
			isa = XCBuildConfiguration;
			buildSettings = {
				BUNDLE_LOADER = "$(TEST_HOST)";
				FRAMEWORK_SEARCH_PATHS = (
					"$(SDKROOT)/Developer/Library/Frameworks",
					"$(inherited)",
				);
				GCC_PREPROCESSOR_DEFINITIONS = (
					"DEBUG=1",
					"$(inherited)",
				);
				INFOPLIST_FILE = LoginAppTests/Info.plist;
				LD_RUNPATH_SEARCH_PATHS = "$(inherited) @executable_path/Frameworks @loader_path/Frameworks";
				PRODUCT_NAME = "$(TARGET_NAME)";
				TEST_HOST = "$(BUILT_PRODUCTS_DIR)/LoginApp.app/LoginApp";
			};
			name = Debug;
		};
		A6057FF41A805A05007F5836 /* Release */ = {
			isa = XCBuildConfiguration;
			buildSettings = {
				BUNDLE_LOADER = "$(TEST_HOST)";
				FRAMEWORK_SEARCH_PATHS = (
					"$(SDKROOT)/Developer/Library/Frameworks",
					"$(inherited)",
				);
				INFOPLIST_FILE = LoginAppTests/Info.plist;
				LD_RUNPATH_SEARCH_PATHS = "$(inherited) @executable_path/Frameworks @loader_path/Frameworks";
				PRODUCT_NAME = "$(TARGET_NAME)";
				TEST_HOST = "$(BUILT_PRODUCTS_DIR)/LoginApp.app/LoginApp";
			};
			name = Release;
		};
/* End XCBuildConfiguration section */

/* Begin XCConfigurationList section */
		A6057FCB1A805A05007F5836 /* Build configuration list for PBXProject "LoginApp" */ = {
			isa = XCConfigurationList;
			buildConfigurations = (
				A6057FED1A805A05007F5836 /* Debug */,
				A6057FEE1A805A05007F5836 /* Release */,
			);
			defaultConfigurationIsVisible = 0;
			defaultConfigurationName = Release;
		};
		A6057FEF1A805A05007F5836 /* Build configuration list for PBXNativeTarget "LoginApp" */ = {
			isa = XCConfigurationList;
			buildConfigurations = (
				A6057FF01A805A05007F5836 /* Debug */,
				A6057FF11A805A05007F5836 /* Release */,
			);
			defaultConfigurationIsVisible = 0;
		};
		A6057FF21A805A05007F5836 /* Build configuration list for PBXNativeTarget "LoginAppTests" */ = {
			isa = XCConfigurationList;
			buildConfigurations = (
				A6057FF31A805A05007F5836 /* Debug */,
				A6057FF41A805A05007F5836 /* Release */,
			);
			defaultConfigurationIsVisible = 0;
		};
/* End XCConfigurationList section */
	};
	rootObject = A6057FC81A805A05007F5836 /* Project object */;
}
